// !$*UTF8*$!
{
	archiveVersion = 1;
	classes = {
	};
	objectVersion = 46;
	objects = {

/* Begin PBXBuildFile section */
		22004546175E55BA001A8EF2 /* RegisterImageOp.h in Headers */ = {isa = PBXBuildFile; fileRef = 22004544175E55B9001A8EF2 /* RegisterImageOp.h */; };
		22004547175E55BA001A8EF2 /* RegisterImageOp.mm in Sources */ = {isa = PBXBuildFile; fileRef = 22004545175E55B9001A8EF2 /* RegisterImageOp.mm */; };
		2200454A175E63BE001A8EF2 /* ItkRegistrationParams.h in Headers */ = {isa = PBXBuildFile; fileRef = 22004548175E63BE001A8EF2 /* ItkRegistrationParams.h */; };
		2200454B175E63BE001A8EF2 /* ItkRegistrationParams.mm in Sources */ = {isa = PBXBuildFile; fileRef = 22004549175E63BE001A8EF2 /* ItkRegistrationParams.mm */; };
		22098ECB17AD2D7600428C86 /* RegisterOneImage.h in Headers */ = {isa = PBXBuildFile; fileRef = 22098EC917AD2D7600428C86 /* RegisterOneImage.h */; };
		2217E91E1732C56C00769974 /* ImageImporter.h in Headers */ = {isa = PBXBuildFile; fileRef = 2217E91C1732C56C00769974 /* ImageImporter.h */; };
		2217E91F1732C56C00769974 /* ImageImporter.mm in Sources */ = {isa = PBXBuildFile; fileRef = 2217E91D1732C56C00769974 /* ImageImporter.mm */; };
		2217E9221732DE4300769974 /* RegistrationManager.h in Headers */ = {isa = PBXBuildFile; fileRef = 2217E9201732DE4200769974 /* RegistrationManager.h */; };
		2217E9231732DE4300769974 /* RegistrationManager.mm in Sources */ = {isa = PBXBuildFile; fileRef = 2217E9211732DE4200769974 /* RegistrationManager.mm */; };
		221F7BA4183A77AA00D9F9E7 /* DCEFit.osirixplugin in CopyFiles */ = {isa = PBXBuildFile; fileRef = AB5D36050680E57E00F4007A /* DCEFit.osirixplugin */; };
		2233ED9318B509E300CEAD12 /* libITKBiasCorrection-4.5.a in Frameworks */ = {isa = PBXBuildFile; fileRef = 2233ED4718B509E300CEAD12 /* libITKBiasCorrection-4.5.a */; };
		2233ED9418B509E300CEAD12 /* libITKBioCell-4.5.a in Frameworks */ = {isa = PBXBuildFile; fileRef = 2233ED4818B509E300CEAD12 /* libITKBioCell-4.5.a */; };
		2233ED9518B509E300CEAD12 /* libITKCommon-4.5.a in Frameworks */ = {isa = PBXBuildFile; fileRef = 2233ED4918B509E300CEAD12 /* libITKCommon-4.5.a */; };
		2233ED9618B509E300CEAD12 /* libITKDICOMParser-4.5.a in Frameworks */ = {isa = PBXBuildFile; fileRef = 2233ED4A18B509E300CEAD12 /* libITKDICOMParser-4.5.a */; };
		2233ED9718B509E300CEAD12 /* libitkdouble-conversion-4.5.a in Frameworks */ = {isa = PBXBuildFile; fileRef = 2233ED4B18B509E300CEAD12 /* libitkdouble-conversion-4.5.a */; };
		2233ED9818B509E300CEAD12 /* libITKEXPAT-4.5.a in Frameworks */ = {isa = PBXBuildFile; fileRef = 2233ED4C18B509E300CEAD12 /* libITKEXPAT-4.5.a */; };
		2233ED9918B509E300CEAD12 /* libITKFEM-4.5.a in Frameworks */ = {isa = PBXBuildFile; fileRef = 2233ED4D18B509E300CEAD12 /* libITKFEM-4.5.a */; };
		2233ED9A18B509E300CEAD12 /* libitkgdcmCommon-4.5.a in Frameworks */ = {isa = PBXBuildFile; fileRef = 2233ED4E18B509E300CEAD12 /* libitkgdcmCommon-4.5.a */; };
		2233ED9B18B509E300CEAD12 /* libitkgdcmDICT-4.5.a in Frameworks */ = {isa = PBXBuildFile; fileRef = 2233ED4F18B509E300CEAD12 /* libitkgdcmDICT-4.5.a */; };
		2233ED9C18B509E300CEAD12 /* libitkgdcmDSED-4.5.a in Frameworks */ = {isa = PBXBuildFile; fileRef = 2233ED5018B509E300CEAD12 /* libitkgdcmDSED-4.5.a */; };
		2233ED9D18B509E300CEAD12 /* libitkgdcmIOD-4.5.a in Frameworks */ = {isa = PBXBuildFile; fileRef = 2233ED5118B509E300CEAD12 /* libitkgdcmIOD-4.5.a */; };
		2233ED9E18B509E300CEAD12 /* libitkgdcmjpeg8-4.5.a in Frameworks */ = {isa = PBXBuildFile; fileRef = 2233ED5218B509E300CEAD12 /* libitkgdcmjpeg8-4.5.a */; };
		2233ED9F18B509E300CEAD12 /* libitkgdcmjpeg12-4.5.a in Frameworks */ = {isa = PBXBuildFile; fileRef = 2233ED5318B509E300CEAD12 /* libitkgdcmjpeg12-4.5.a */; };
		2233EDA018B509E300CEAD12 /* libitkgdcmjpeg16-4.5.a in Frameworks */ = {isa = PBXBuildFile; fileRef = 2233ED5418B509E300CEAD12 /* libitkgdcmjpeg16-4.5.a */; };
		2233EDA118B509E300CEAD12 /* libitkgdcmMSFF-4.5.a in Frameworks */ = {isa = PBXBuildFile; fileRef = 2233ED5518B509E300CEAD12 /* libitkgdcmMSFF-4.5.a */; };
		2233EDA218B509E300CEAD12 /* libitkgdcmuuid-4.5.a in Frameworks */ = {isa = PBXBuildFile; fileRef = 2233ED5618B509E300CEAD12 /* libitkgdcmuuid-4.5.a */; };
		2233EDA318B509E300CEAD12 /* libITKgiftiio-4.5.a in Frameworks */ = {isa = PBXBuildFile; fileRef = 2233ED5718B509E300CEAD12 /* libITKgiftiio-4.5.a */; };
		2233EDA418B509E300CEAD12 /* libitkhdf5_cpp-4.5.a in Frameworks */ = {isa = PBXBuildFile; fileRef = 2233ED5818B509E300CEAD12 /* libitkhdf5_cpp-4.5.a */; };
		2233EDA518B509E300CEAD12 /* libitkhdf5-4.5.a in Frameworks */ = {isa = PBXBuildFile; fileRef = 2233ED5918B509E300CEAD12 /* libitkhdf5-4.5.a */; };
		2233EDA618B509E300CEAD12 /* libITKIOBioRad-4.5.a in Frameworks */ = {isa = PBXBuildFile; fileRef = 2233ED5A18B509E300CEAD12 /* libITKIOBioRad-4.5.a */; };
		2233EDA718B509E300CEAD12 /* libITKIOBMP-4.5.a in Frameworks */ = {isa = PBXBuildFile; fileRef = 2233ED5B18B509E300CEAD12 /* libITKIOBMP-4.5.a */; };
		2233EDA818B509E300CEAD12 /* libITKIOCSV-4.5.a in Frameworks */ = {isa = PBXBuildFile; fileRef = 2233ED5C18B509E300CEAD12 /* libITKIOCSV-4.5.a */; };
		2233EDA918B509E300CEAD12 /* libITKIOGDCM-4.5.a in Frameworks */ = {isa = PBXBuildFile; fileRef = 2233ED5D18B509E300CEAD12 /* libITKIOGDCM-4.5.a */; };
		2233EDAA18B509E300CEAD12 /* libITKIOGE-4.5.a in Frameworks */ = {isa = PBXBuildFile; fileRef = 2233ED5E18B509E300CEAD12 /* libITKIOGE-4.5.a */; };
		2233EDAB18B509E300CEAD12 /* libITKIOGIPL-4.5.a in Frameworks */ = {isa = PBXBuildFile; fileRef = 2233ED5F18B509E300CEAD12 /* libITKIOGIPL-4.5.a */; };
		2233EDAC18B509E300CEAD12 /* libITKIOHDF5-4.5.a in Frameworks */ = {isa = PBXBuildFile; fileRef = 2233ED6018B509E300CEAD12 /* libITKIOHDF5-4.5.a */; };
		2233EDAD18B509E300CEAD12 /* libITKIOImageBase-4.5.a in Frameworks */ = {isa = PBXBuildFile; fileRef = 2233ED6118B509E300CEAD12 /* libITKIOImageBase-4.5.a */; };
		2233EDAE18B509E300CEAD12 /* libITKIOIPL-4.5.a in Frameworks */ = {isa = PBXBuildFile; fileRef = 2233ED6218B509E300CEAD12 /* libITKIOIPL-4.5.a */; };
		2233EDAF18B509E300CEAD12 /* libITKIOJPEG-4.5.a in Frameworks */ = {isa = PBXBuildFile; fileRef = 2233ED6318B509E300CEAD12 /* libITKIOJPEG-4.5.a */; };
		2233EDB018B509E300CEAD12 /* libITKIOLSM-4.5.a in Frameworks */ = {isa = PBXBuildFile; fileRef = 2233ED6418B509E300CEAD12 /* libITKIOLSM-4.5.a */; };
		2233EDB118B509E300CEAD12 /* libITKIOMesh-4.5.a in Frameworks */ = {isa = PBXBuildFile; fileRef = 2233ED6518B509E300CEAD12 /* libITKIOMesh-4.5.a */; };
		2233EDB218B509E300CEAD12 /* libITKIOMeta-4.5.a in Frameworks */ = {isa = PBXBuildFile; fileRef = 2233ED6618B509E300CEAD12 /* libITKIOMeta-4.5.a */; };
		2233EDB318B509E300CEAD12 /* libITKIOMRC-4.5.a in Frameworks */ = {isa = PBXBuildFile; fileRef = 2233ED6718B509E300CEAD12 /* libITKIOMRC-4.5.a */; };
		2233EDB418B509E300CEAD12 /* libITKIONIFTI-4.5.a in Frameworks */ = {isa = PBXBuildFile; fileRef = 2233ED6818B509E300CEAD12 /* libITKIONIFTI-4.5.a */; };
		2233EDB518B509E300CEAD12 /* libITKIONRRD-4.5.a in Frameworks */ = {isa = PBXBuildFile; fileRef = 2233ED6918B509E300CEAD12 /* libITKIONRRD-4.5.a */; };
		2233EDB618B509E300CEAD12 /* libITKIOPNG-4.5.a in Frameworks */ = {isa = PBXBuildFile; fileRef = 2233ED6A18B509E300CEAD12 /* libITKIOPNG-4.5.a */; };
		2233EDB718B509E300CEAD12 /* libITKIOSiemens-4.5.a in Frameworks */ = {isa = PBXBuildFile; fileRef = 2233ED6B18B509E300CEAD12 /* libITKIOSiemens-4.5.a */; };
		2233EDB818B509E300CEAD12 /* libITKIOSpatialObjects-4.5.a in Frameworks */ = {isa = PBXBuildFile; fileRef = 2233ED6C18B509E300CEAD12 /* libITKIOSpatialObjects-4.5.a */; };
		2233EDB918B509E300CEAD12 /* libITKIOStimulate-4.5.a in Frameworks */ = {isa = PBXBuildFile; fileRef = 2233ED6D18B509E300CEAD12 /* libITKIOStimulate-4.5.a */; };
		2233EDBA18B509E300CEAD12 /* libITKIOTIFF-4.5.a in Frameworks */ = {isa = PBXBuildFile; fileRef = 2233ED6E18B509E300CEAD12 /* libITKIOTIFF-4.5.a */; };
		2233EDBB18B509E300CEAD12 /* libITKIOTransformBase-4.5.a in Frameworks */ = {isa = PBXBuildFile; fileRef = 2233ED6F18B509E300CEAD12 /* libITKIOTransformBase-4.5.a */; };
		2233EDBC18B509E300CEAD12 /* libITKIOTransformHDF5-4.5.a in Frameworks */ = {isa = PBXBuildFile; fileRef = 2233ED7018B509E300CEAD12 /* libITKIOTransformHDF5-4.5.a */; };
		2233EDBD18B509E300CEAD12 /* libITKIOTransformInsightLegacy-4.5.a in Frameworks */ = {isa = PBXBuildFile; fileRef = 2233ED7118B509E300CEAD12 /* libITKIOTransformInsightLegacy-4.5.a */; };
		2233EDBE18B509E300CEAD12 /* libITKIOTransformMatlab-4.5.a in Frameworks */ = {isa = PBXBuildFile; fileRef = 2233ED7218B509E300CEAD12 /* libITKIOTransformMatlab-4.5.a */; };
		2233EDBF18B509E300CEAD12 /* libITKIOVTK-4.5.a in Frameworks */ = {isa = PBXBuildFile; fileRef = 2233ED7318B509E300CEAD12 /* libITKIOVTK-4.5.a */; };
		2233EDC018B509E300CEAD12 /* libITKIOXML-4.5.a in Frameworks */ = {isa = PBXBuildFile; fileRef = 2233ED7418B509E300CEAD12 /* libITKIOXML-4.5.a */; };
		2233EDC118B509E300CEAD12 /* libitkjpeg-4.5.a in Frameworks */ = {isa = PBXBuildFile; fileRef = 2233ED7518B509E300CEAD12 /* libitkjpeg-4.5.a */; };
		2233EDC218B509E300CEAD12 /* libITKKLMRegionGrowing-4.5.a in Frameworks */ = {isa = PBXBuildFile; fileRef = 2233ED7618B509E300CEAD12 /* libITKKLMRegionGrowing-4.5.a */; };
		2233EDC318B509E300CEAD12 /* libITKLabelMap-4.5.a in Frameworks */ = {isa = PBXBuildFile; fileRef = 2233ED7718B509E300CEAD12 /* libITKLabelMap-4.5.a */; };
		2233EDC418B509E300CEAD12 /* libITKMesh-4.5.a in Frameworks */ = {isa = PBXBuildFile; fileRef = 2233ED7818B509E300CEAD12 /* libITKMesh-4.5.a */; };
		2233EDC518B509E300CEAD12 /* libITKMetaIO-4.5.a in Frameworks */ = {isa = PBXBuildFile; fileRef = 2233ED7918B509E300CEAD12 /* libITKMetaIO-4.5.a */; };
		2233EDC618B509E300CEAD12 /* libitkNetlibSlatec-4.5.a in Frameworks */ = {isa = PBXBuildFile; fileRef = 2233ED7A18B509E300CEAD12 /* libitkNetlibSlatec-4.5.a */; };
		2233EDC718B509E300CEAD12 /* libITKniftiio-4.5.a in Frameworks */ = {isa = PBXBuildFile; fileRef = 2233ED7B18B509E300CEAD12 /* libITKniftiio-4.5.a */; };
		2233EDC818B509E300CEAD12 /* libITKNrrdIO-4.5.a in Frameworks */ = {isa = PBXBuildFile; fileRef = 2233ED7C18B509E300CEAD12 /* libITKNrrdIO-4.5.a */; };
		2233EDC918B509E300CEAD12 /* libitkopenjpeg-4.5.a in Frameworks */ = {isa = PBXBuildFile; fileRef = 2233ED7D18B509E300CEAD12 /* libitkopenjpeg-4.5.a */; };
		2233EDCA18B509E300CEAD12 /* libITKOptimizers-4.5.a in Frameworks */ = {isa = PBXBuildFile; fileRef = 2233ED7E18B509E300CEAD12 /* libITKOptimizers-4.5.a */; };
		2233EDCB18B509E300CEAD12 /* libITKPath-4.5.a in Frameworks */ = {isa = PBXBuildFile; fileRef = 2233ED7F18B509E300CEAD12 /* libITKPath-4.5.a */; };
		2233EDCC18B509E300CEAD12 /* libitkpng-4.5.a in Frameworks */ = {isa = PBXBuildFile; fileRef = 2233ED8018B509E300CEAD12 /* libitkpng-4.5.a */; };
		2233EDCD18B509E300CEAD12 /* libITKPolynomials-4.5.a in Frameworks */ = {isa = PBXBuildFile; fileRef = 2233ED8118B509E300CEAD12 /* libITKPolynomials-4.5.a */; };
		2233EDCE18B509E300CEAD12 /* libITKQuadEdgeMesh-4.5.a in Frameworks */ = {isa = PBXBuildFile; fileRef = 2233ED8218B509E300CEAD12 /* libITKQuadEdgeMesh-4.5.a */; };
		2233EDCF18B509E300CEAD12 /* libITKSpatialObjects-4.5.a in Frameworks */ = {isa = PBXBuildFile; fileRef = 2233ED8318B509E300CEAD12 /* libITKSpatialObjects-4.5.a */; };
		2233EDD018B509E300CEAD12 /* libITKStatistics-4.5.a in Frameworks */ = {isa = PBXBuildFile; fileRef = 2233ED8418B509E300CEAD12 /* libITKStatistics-4.5.a */; };
		2233EDD118B509E300CEAD12 /* libitksys-4.5.a in Frameworks */ = {isa = PBXBuildFile; fileRef = 2233ED8518B509E300CEAD12 /* libitksys-4.5.a */; };
		2233EDD218B509E300CEAD12 /* libitktiff-4.5.a in Frameworks */ = {isa = PBXBuildFile; fileRef = 2233ED8618B509E300CEAD12 /* libitktiff-4.5.a */; };
		2233EDD318B509E300CEAD12 /* libitkv3p_lsqr-4.5.a in Frameworks */ = {isa = PBXBuildFile; fileRef = 2233ED8718B509E300CEAD12 /* libitkv3p_lsqr-4.5.a */; };
		2233EDD418B509E300CEAD12 /* libitkv3p_netlib-4.5.a in Frameworks */ = {isa = PBXBuildFile; fileRef = 2233ED8818B509E300CEAD12 /* libitkv3p_netlib-4.5.a */; };
		2233EDD518B509E300CEAD12 /* libitkvcl-4.5.a in Frameworks */ = {isa = PBXBuildFile; fileRef = 2233ED8918B509E300CEAD12 /* libitkvcl-4.5.a */; };
		2233EDD618B509E300CEAD12 /* libITKVideoCore-4.5.a in Frameworks */ = {isa = PBXBuildFile; fileRef = 2233ED8A18B509E300CEAD12 /* libITKVideoCore-4.5.a */; };
		2233EDD718B509E300CEAD12 /* libITKVideoIO-4.5.a in Frameworks */ = {isa = PBXBuildFile; fileRef = 2233ED8B18B509E300CEAD12 /* libITKVideoIO-4.5.a */; };
		2233EDD818B509E300CEAD12 /* libitkvnl_algo-4.5.a in Frameworks */ = {isa = PBXBuildFile; fileRef = 2233ED8C18B509E300CEAD12 /* libitkvnl_algo-4.5.a */; };
		2233EDD918B509E300CEAD12 /* libitkvnl-4.5.a in Frameworks */ = {isa = PBXBuildFile; fileRef = 2233ED8D18B509E300CEAD12 /* libitkvnl-4.5.a */; };
		2233EDDA18B509E300CEAD12 /* libITKVNLInstantiation-4.5.a in Frameworks */ = {isa = PBXBuildFile; fileRef = 2233ED8E18B509E300CEAD12 /* libITKVNLInstantiation-4.5.a */; };
		2233EDDB18B509E300CEAD12 /* libITKVTK-4.5.a in Frameworks */ = {isa = PBXBuildFile; fileRef = 2233ED8F18B509E300CEAD12 /* libITKVTK-4.5.a */; };
		2233EDDC18B509E300CEAD12 /* libITKWatersheds-4.5.a in Frameworks */ = {isa = PBXBuildFile; fileRef = 2233ED9018B509E300CEAD12 /* libITKWatersheds-4.5.a */; };
		2233EDDD18B509E300CEAD12 /* libitkzlib-4.5.a in Frameworks */ = {isa = PBXBuildFile; fileRef = 2233ED9118B509E300CEAD12 /* libitkzlib-4.5.a */; };
		2233EDDE18B509E300CEAD12 /* libITKznz-4.5.a in Frameworks */ = {isa = PBXBuildFile; fileRef = 2233ED9218B509E300CEAD12 /* libITKznz-4.5.a */; };
		225843181721931700F9346C /* RegistrationParams.h in Headers */ = {isa = PBXBuildFile; fileRef = 225843161721931700F9346C /* RegistrationParams.h */; };
		225843191721931700F9346C /* RegistrationParams.m in Sources */ = {isa = PBXBuildFile; fileRef = 225843171721931700F9346C /* RegistrationParams.m */; };
		225AA8D217EB58C900628ACB /* OptimizerUtils.cpp in Sources */ = {isa = PBXBuildFile; fileRef = 225AA8D017EB58C900628ACB /* OptimizerUtils.cpp */; };
		225AA8D317EB58C900628ACB /* OptimizerUtils.h in Headers */ = {isa = PBXBuildFile; fileRef = 225AA8D117EB58C900628ACB /* OptimizerUtils.h */; };
		225F6FEC187F280A00558EF7 /* RegisterOneImageDeformable3D.h in Headers */ = {isa = PBXBuildFile; fileRef = 225F6FE8187F280A00558EF7 /* RegisterOneImageDeformable3D.h */; };
		225F6FED187F280A00558EF7 /* RegisterOneImageDeformable3D.mm in Sources */ = {isa = PBXBuildFile; fileRef = 225F6FE9187F280A00558EF7 /* RegisterOneImageDeformable3D.mm */; };
		225F6FEE187F280A00558EF7 /* RegisterOneImageRigid3D.h in Headers */ = {isa = PBXBuildFile; fileRef = 225F6FEA187F280A00558EF7 /* RegisterOneImageRigid3D.h */; };
		225F6FEF187F280A00558EF7 /* RegisterOneImageRigid3D.mm in Sources */ = {isa = PBXBuildFile; fileRef = 225F6FEB187F280A00558EF7 /* RegisterOneImageRigid3D.mm */; };
		22664EAE17294FC6008B7961 /* ProgressWindow.xib in Resources */ = {isa = PBXBuildFile; fileRef = 22664EAD17294FC6008B7961 /* ProgressWindow.xib */; };
		22664EB1172959BA008B7961 /* ProgressWindowController.h in Headers */ = {isa = PBXBuildFile; fileRef = 22664EAF172959BA008B7961 /* ProgressWindowController.h */; };
		22664EB2172959BA008B7961 /* ProgressWindowController.mm in Sources */ = {isa = PBXBuildFile; fileRef = 22664EB0172959BA008B7961 /* ProgressWindowController.mm */; };
		22664EB61729A864008B7961 /* CopyMetaDataDictionary.cpp in Sources */ = {isa = PBXBuildFile; fileRef = 22664EB41729A864008B7961 /* CopyMetaDataDictionary.cpp */; };
		22664EB71729A864008B7961 /* CopyMetaDataDictionary.h in Headers */ = {isa = PBXBuildFile; fileRef = 22664EB51729A864008B7961 /* CopyMetaDataDictionary.h */; };
		22664EBA1729A95D008B7961 /* DumpDicomMetaDataDictionary.cpp in Sources */ = {isa = PBXBuildFile; fileRef = 22664EB81729A95D008B7961 /* DumpDicomMetaDataDictionary.cpp */; };
		22664EBB1729A95D008B7961 /* DumpDicomMetaDataDictionary.h in Headers */ = {isa = PBXBuildFile; fileRef = 22664EB91729A95D008B7961 /* DumpDicomMetaDataDictionary.h */; };
		22664ECF1729ADC7008B7961 /* LoggerUtils.cpp in Sources */ = {isa = PBXBuildFile; fileRef = 22664ECD1729ADC7008B7961 /* LoggerUtils.cpp */; };
		22664ED01729ADC7008B7961 /* LoggerUtils.h in Headers */ = {isa = PBXBuildFile; fileRef = 22664ECE1729ADC7008B7961 /* LoggerUtils.h */; };
		22664ED31729AE19008B7961 /* ParseITKException.cpp in Sources */ = {isa = PBXBuildFile; fileRef = 22664ED11729AE19008B7961 /* ParseITKException.cpp */; };
		22664ED41729AE19008B7961 /* ParseITKException.h in Headers */ = {isa = PBXBuildFile; fileRef = 22664ED21729AE19008B7961 /* ParseITKException.h */; };
		22664ED91729AED2008B7961 /* RegisterOneImageDeformable2D.mm in Sources */ = {isa = PBXBuildFile; fileRef = 22664ED51729AED2008B7961 /* RegisterOneImageDeformable2D.mm */; };
		22664EDA1729AED2008B7961 /* RegisterOneImageDeformable2D.h in Headers */ = {isa = PBXBuildFile; fileRef = 22664ED61729AED2008B7961 /* RegisterOneImageDeformable2D.h */; };
		22664EDB1729AED2008B7961 /* RegisterOneImageRigid2D.mm in Sources */ = {isa = PBXBuildFile; fileRef = 22664ED71729AED2008B7961 /* RegisterOneImageRigid2D.mm */; };
		22664EDC1729AED2008B7961 /* RegisterOneImageRigid2D.h in Headers */ = {isa = PBXBuildFile; fileRef = 22664ED81729AED2008B7961 /* RegisterOneImageRigid2D.h */; };
		22664EDF1729AFF8008B7961 /* RegistrationObserver.mm in Sources */ = {isa = PBXBuildFile; fileRef = 22664EDD1729AFF8008B7961 /* RegistrationObserver.mm */; };
		22664EE01729AFF8008B7961 /* RegistrationObserver.h in Headers */ = {isa = PBXBuildFile; fileRef = 22664EDE1729AFF8008B7961 /* RegistrationObserver.h */; };
		22799E0918294697006D5EB1 /* libLog4m.a in Frameworks */ = {isa = PBXBuildFile; fileRef = 22799E0818294697006D5EB1 /* libLog4m.a */; };
		2284DDC0181561960008B134 /* ImageTagger.cpp in Sources */ = {isa = PBXBuildFile; fileRef = 2284DDBE181561960008B134 /* ImageTagger.cpp */; };
		2284DDC1181561960008B134 /* ImageTagger.h in Headers */ = {isa = PBXBuildFile; fileRef = 2284DDBF181561960008B134 /* ImageTagger.h */; };
		229367CC17204AEF00F1C1EF /* DialogController.h in Headers */ = {isa = PBXBuildFile; fileRef = 229367CA17204AEF00F1C1EF /* DialogController.h */; };
		229367CD17204AEF00F1C1EF /* DialogController.mm in Sources */ = {isa = PBXBuildFile; fileRef = 229367CB17204AEF00F1C1EF /* DialogController.mm */; };
		2293D972188DC0FC00619245 /* SeriesInfo.h in Headers */ = {isa = PBXBuildFile; fileRef = 2293D970188DC0FC00619245 /* SeriesInfo.h */; };
		2293D973188DC0FC00619245 /* SeriesInfo.m in Sources */ = {isa = PBXBuildFile; fileRef = 2293D971188DC0FC00619245 /* SeriesInfo.m */; };
		22B0AEBA174E6D2200D85184 /* RegProgressValues.h in Headers */ = {isa = PBXBuildFile; fileRef = 22B0AEB8174E6D2100D85184 /* RegProgressValues.h */; };
		22B0AEBB174E6D2200D85184 /* RegProgressValues.m in Sources */ = {isa = PBXBuildFile; fileRef = 22B0AEB9174E6D2100D85184 /* RegProgressValues.m */; };
		22B48EBE18510540008C370A /* liblog4cplusS.a in Frameworks */ = {isa = PBXBuildFile; fileRef = 22B48EBD18510540008C370A /* liblog4cplusS.a */; };
		22C3137F189D676E00ECDEE6 /* LoadingImagesWindowController.h in Headers */ = {isa = PBXBuildFile; fileRef = 22C3137C189D676E00ECDEE6 /* LoadingImagesWindowController.h */; };
		22C31380189D676E00ECDEE6 /* LoadingImagesWindowController.m in Sources */ = {isa = PBXBuildFile; fileRef = 22C3137D189D676E00ECDEE6 /* LoadingImagesWindowController.m */; };
		22C31381189D676E00ECDEE6 /* LoadingImagesWindow.xib in Resources */ = {isa = PBXBuildFile; fileRef = 22C3137E189D676E00ECDEE6 /* LoadingImagesWindow.xib */; };
		22C326A21892B59A00E8A071 /* ViewerController+ExportTimeSeries.h in Headers */ = {isa = PBXBuildFile; fileRef = 22C326A01892B59A00E8A071 /* ViewerController+ExportTimeSeries.h */; };
		22C326A31892B59A00E8A071 /* ViewerController+ExportTimeSeries.m in Sources */ = {isa = PBXBuildFile; fileRef = 22C326A11892B59A00E8A071 /* ViewerController+ExportTimeSeries.m */; };
		22C326A61892C0DB00E8A071 /* OsiriXAPI.framework in Frameworks */ = {isa = PBXBuildFile; fileRef = 22C326A51892C0DB00E8A071 /* OsiriXAPI.framework */; };
		22C8753617E1F6FD00CD3308 /* ImageSlicer.cpp in Sources */ = {isa = PBXBuildFile; fileRef = 22C8753417E1F6FD00CD3308 /* ImageSlicer.cpp */; };
		22C8753717E1F6FD00CD3308 /* ImageSlicer.h in Headers */ = {isa = PBXBuildFile; fileRef = 22C8753517E1F6FD00CD3308 /* ImageSlicer.h */; };
		22CAD0D718043E7F00351867 /* MainDialog.xib in Resources */ = {isa = PBXBuildFile; fileRef = 22CAD0D618043E7F00351867 /* MainDialog.xib */; };
		22D6C5F51743AC9E002EA2AB /* UserDefaults.h in Headers */ = {isa = PBXBuildFile; fileRef = 22D6C5F31743AC9E002EA2AB /* UserDefaults.h */; };
		22D6C5F61743AC9E002EA2AB /* UserDefaults.m in Sources */ = {isa = PBXBuildFile; fileRef = 22D6C5F41743AC9E002EA2AB /* UserDefaults.m */; };
		22DC09F417D4C30F00814825 /* symbolList in Resources */ = {isa = PBXBuildFile; fileRef = 22DC09F317D4C30F00814825 /* symbolList */; };
		22ED12BD17847FC60047AF58 /* Region2D.h in Headers */ = {isa = PBXBuildFile; fileRef = 22ED12BB17847FC60047AF58 /* Region2D.h */; };
		22ED12BE17847FC60047AF58 /* Region2D.m in Sources */ = {isa = PBXBuildFile; fileRef = 22ED12BC17847FC60047AF58 /* Region2D.m */; };
		8D5B49AE048680CD000E48DA /* DCEFit_Prefix.pch in Headers */ = {isa = PBXBuildFile; fileRef = 32DBCF630370AF2F00C91783 /* DCEFit_Prefix.pch */; };
		8D5B49B0048680CD000E48DA /* InfoPlist.strings in Resources */ = {isa = PBXBuildFile; fileRef = 089C167DFE841241C02AAC07 /* InfoPlist.strings */; };
		ABA48A650680BB600089EB4F /* DCEFitFilter.h in Headers */ = {isa = PBXBuildFile; fileRef = ABA48A640680BB600089EB4F /* DCEFitFilter.h */; };
		ABA48A670680BB690089EB4F /* DCEFitFilter.mm in Sources */ = {isa = PBXBuildFile; fileRef = ABA48A660680BB690089EB4F /* DCEFitFilter.mm */; };
/* End PBXBuildFile section */

/* Begin PBXCopyFilesBuildPhase section */
		22AF449617CE3E520091644F /* CopyFiles */ = {
			isa = PBXCopyFilesBuildPhase;
			buildActionMask = 2147483647;
			dstPath = /shared;
			dstSubfolderSpec = 0;
			files = (
				221F7BA4183A77AA00D9F9E7 /* DCEFit.osirixplugin in CopyFiles */,
			);
			runOnlyForDeploymentPostprocessing = 0;
		};
/* End PBXCopyFilesBuildPhase section */

/* Begin PBXFileReference section */
		089C1672FE841209C02AAC07 /* Foundation.framework */ = {isa = PBXFileReference; lastKnownFileType = wrapper.framework; name = Foundation.framework; path = /System/Library/Frameworks/Foundation.framework; sourceTree = "<absolute>"; };
		089C167EFE841241C02AAC07 /* English */ = {isa = PBXFileReference; fileEncoding = 10; lastKnownFileType = text.plist.strings; name = English; path = English.lproj/InfoPlist.strings; sourceTree = "<group>"; };
		089C167FFE841241C02AAC07 /* AppKit.framework */ = {isa = PBXFileReference; lastKnownFileType = wrapper.framework; name = AppKit.framework; path = /System/Library/Frameworks/AppKit.framework; sourceTree = "<absolute>"; };
		22004544175E55B9001A8EF2 /* RegisterImageOp.h */ = {isa = PBXFileReference; fileEncoding = 4; lastKnownFileType = sourcecode.c.h; path = RegisterImageOp.h; sourceTree = "<group>"; };
		22004545175E55B9001A8EF2 /* RegisterImageOp.mm */ = {isa = PBXFileReference; fileEncoding = 4; lastKnownFileType = sourcecode.cpp.objcpp; path = RegisterImageOp.mm; sourceTree = "<group>"; };
		22004548175E63BE001A8EF2 /* ItkRegistrationParams.h */ = {isa = PBXFileReference; fileEncoding = 4; lastKnownFileType = sourcecode.c.h; path = ItkRegistrationParams.h; sourceTree = "<group>"; };
		22004549175E63BE001A8EF2 /* ItkRegistrationParams.mm */ = {isa = PBXFileReference; fileEncoding = 4; lastKnownFileType = sourcecode.cpp.objcpp; path = ItkRegistrationParams.mm; sourceTree = "<group>"; };
		22098EC917AD2D7600428C86 /* RegisterOneImage.h */ = {isa = PBXFileReference; fileEncoding = 4; lastKnownFileType = sourcecode.c.h; path = RegisterOneImage.h; sourceTree = "<group>"; };
		2217E91C1732C56C00769974 /* ImageImporter.h */ = {isa = PBXFileReference; fileEncoding = 4; lastKnownFileType = sourcecode.c.h; path = ImageImporter.h; sourceTree = "<group>"; };
		2217E91D1732C56C00769974 /* ImageImporter.mm */ = {isa = PBXFileReference; fileEncoding = 4; lastKnownFileType = sourcecode.cpp.objcpp; path = ImageImporter.mm; sourceTree = "<group>"; };
		2217E9201732DE4200769974 /* RegistrationManager.h */ = {isa = PBXFileReference; fileEncoding = 4; lastKnownFileType = sourcecode.c.h; path = RegistrationManager.h; sourceTree = "<group>"; };
		2217E9211732DE4200769974 /* RegistrationManager.mm */ = {isa = PBXFileReference; fileEncoding = 4; lastKnownFileType = sourcecode.cpp.objcpp; path = RegistrationManager.mm; sourceTree = "<group>"; };
		2233ED4718B509E300CEAD12 /* libITKBiasCorrection-4.5.a */ = {isa = PBXFileReference; lastKnownFileType = archive.ar; name = "libITKBiasCorrection-4.5.a"; path = "../../usr/local/ITK/Universal/Release/lib/libITKBiasCorrection-4.5.a"; sourceTree = "<group>"; };
		2233ED4818B509E300CEAD12 /* libITKBioCell-4.5.a */ = {isa = PBXFileReference; lastKnownFileType = archive.ar; name = "libITKBioCell-4.5.a"; path = "../../usr/local/ITK/Universal/Release/lib/libITKBioCell-4.5.a"; sourceTree = "<group>"; };
		2233ED4918B509E300CEAD12 /* libITKCommon-4.5.a */ = {isa = PBXFileReference; lastKnownFileType = archive.ar; name = "libITKCommon-4.5.a"; path = "../../usr/local/ITK/Universal/Release/lib/libITKCommon-4.5.a"; sourceTree = "<group>"; };
		2233ED4A18B509E300CEAD12 /* libITKDICOMParser-4.5.a */ = {isa = PBXFileReference; lastKnownFileType = archive.ar; name = "libITKDICOMParser-4.5.a"; path = "../../usr/local/ITK/Universal/Release/lib/libITKDICOMParser-4.5.a"; sourceTree = "<group>"; };
		2233ED4B18B509E300CEAD12 /* libitkdouble-conversion-4.5.a */ = {isa = PBXFileReference; lastKnownFileType = archive.ar; name = "libitkdouble-conversion-4.5.a"; path = "../../usr/local/ITK/Universal/Release/lib/libitkdouble-conversion-4.5.a"; sourceTree = "<group>"; };
		2233ED4C18B509E300CEAD12 /* libITKEXPAT-4.5.a */ = {isa = PBXFileReference; lastKnownFileType = archive.ar; name = "libITKEXPAT-4.5.a"; path = "../../usr/local/ITK/Universal/Release/lib/libITKEXPAT-4.5.a"; sourceTree = "<group>"; };
		2233ED4D18B509E300CEAD12 /* libITKFEM-4.5.a */ = {isa = PBXFileReference; lastKnownFileType = archive.ar; name = "libITKFEM-4.5.a"; path = "../../usr/local/ITK/Universal/Release/lib/libITKFEM-4.5.a"; sourceTree = "<group>"; };
		2233ED4E18B509E300CEAD12 /* libitkgdcmCommon-4.5.a */ = {isa = PBXFileReference; lastKnownFileType = archive.ar; name = "libitkgdcmCommon-4.5.a"; path = "../../usr/local/ITK/Universal/Release/lib/libitkgdcmCommon-4.5.a"; sourceTree = "<group>"; };
		2233ED4F18B509E300CEAD12 /* libitkgdcmDICT-4.5.a */ = {isa = PBXFileReference; lastKnownFileType = archive.ar; name = "libitkgdcmDICT-4.5.a"; path = "../../usr/local/ITK/Universal/Release/lib/libitkgdcmDICT-4.5.a"; sourceTree = "<group>"; };
		2233ED5018B509E300CEAD12 /* libitkgdcmDSED-4.5.a */ = {isa = PBXFileReference; lastKnownFileType = archive.ar; name = "libitkgdcmDSED-4.5.a"; path = "../../usr/local/ITK/Universal/Release/lib/libitkgdcmDSED-4.5.a"; sourceTree = "<group>"; };
		2233ED5118B509E300CEAD12 /* libitkgdcmIOD-4.5.a */ = {isa = PBXFileReference; lastKnownFileType = archive.ar; name = "libitkgdcmIOD-4.5.a"; path = "../../usr/local/ITK/Universal/Release/lib/libitkgdcmIOD-4.5.a"; sourceTree = "<group>"; };
		2233ED5218B509E300CEAD12 /* libitkgdcmjpeg8-4.5.a */ = {isa = PBXFileReference; lastKnownFileType = archive.ar; name = "libitkgdcmjpeg8-4.5.a"; path = "../../usr/local/ITK/Universal/Release/lib/libitkgdcmjpeg8-4.5.a"; sourceTree = "<group>"; };
		2233ED5318B509E300CEAD12 /* libitkgdcmjpeg12-4.5.a */ = {isa = PBXFileReference; lastKnownFileType = archive.ar; name = "libitkgdcmjpeg12-4.5.a"; path = "../../usr/local/ITK/Universal/Release/lib/libitkgdcmjpeg12-4.5.a"; sourceTree = "<group>"; };
		2233ED5418B509E300CEAD12 /* libitkgdcmjpeg16-4.5.a */ = {isa = PBXFileReference; lastKnownFileType = archive.ar; name = "libitkgdcmjpeg16-4.5.a"; path = "../../usr/local/ITK/Universal/Release/lib/libitkgdcmjpeg16-4.5.a"; sourceTree = "<group>"; };
		2233ED5518B509E300CEAD12 /* libitkgdcmMSFF-4.5.a */ = {isa = PBXFileReference; lastKnownFileType = archive.ar; name = "libitkgdcmMSFF-4.5.a"; path = "../../usr/local/ITK/Universal/Release/lib/libitkgdcmMSFF-4.5.a"; sourceTree = "<group>"; };
		2233ED5618B509E300CEAD12 /* libitkgdcmuuid-4.5.a */ = {isa = PBXFileReference; lastKnownFileType = archive.ar; name = "libitkgdcmuuid-4.5.a"; path = "../../usr/local/ITK/Universal/Release/lib/libitkgdcmuuid-4.5.a"; sourceTree = "<group>"; };
		2233ED5718B509E300CEAD12 /* libITKgiftiio-4.5.a */ = {isa = PBXFileReference; lastKnownFileType = archive.ar; name = "libITKgiftiio-4.5.a"; path = "../../usr/local/ITK/Universal/Release/lib/libITKgiftiio-4.5.a"; sourceTree = "<group>"; };
		2233ED5818B509E300CEAD12 /* libitkhdf5_cpp-4.5.a */ = {isa = PBXFileReference; lastKnownFileType = archive.ar; name = "libitkhdf5_cpp-4.5.a"; path = "../../usr/local/ITK/Universal/Release/lib/libitkhdf5_cpp-4.5.a"; sourceTree = "<group>"; };
		2233ED5918B509E300CEAD12 /* libitkhdf5-4.5.a */ = {isa = PBXFileReference; lastKnownFileType = archive.ar; name = "libitkhdf5-4.5.a"; path = "../../usr/local/ITK/Universal/Release/lib/libitkhdf5-4.5.a"; sourceTree = "<group>"; };
		2233ED5A18B509E300CEAD12 /* libITKIOBioRad-4.5.a */ = {isa = PBXFileReference; lastKnownFileType = archive.ar; name = "libITKIOBioRad-4.5.a"; path = "../../usr/local/ITK/Universal/Release/lib/libITKIOBioRad-4.5.a"; sourceTree = "<group>"; };
		2233ED5B18B509E300CEAD12 /* libITKIOBMP-4.5.a */ = {isa = PBXFileReference; lastKnownFileType = archive.ar; name = "libITKIOBMP-4.5.a"; path = "../../usr/local/ITK/Universal/Release/lib/libITKIOBMP-4.5.a"; sourceTree = "<group>"; };
		2233ED5C18B509E300CEAD12 /* libITKIOCSV-4.5.a */ = {isa = PBXFileReference; lastKnownFileType = archive.ar; name = "libITKIOCSV-4.5.a"; path = "../../usr/local/ITK/Universal/Release/lib/libITKIOCSV-4.5.a"; sourceTree = "<group>"; };
		2233ED5D18B509E300CEAD12 /* libITKIOGDCM-4.5.a */ = {isa = PBXFileReference; lastKnownFileType = archive.ar; name = "libITKIOGDCM-4.5.a"; path = "../../usr/local/ITK/Universal/Release/lib/libITKIOGDCM-4.5.a"; sourceTree = "<group>"; };
		2233ED5E18B509E300CEAD12 /* libITKIOGE-4.5.a */ = {isa = PBXFileReference; lastKnownFileType = archive.ar; name = "libITKIOGE-4.5.a"; path = "../../usr/local/ITK/Universal/Release/lib/libITKIOGE-4.5.a"; sourceTree = "<group>"; };
		2233ED5F18B509E300CEAD12 /* libITKIOGIPL-4.5.a */ = {isa = PBXFileReference; lastKnownFileType = archive.ar; name = "libITKIOGIPL-4.5.a"; path = "../../usr/local/ITK/Universal/Release/lib/libITKIOGIPL-4.5.a"; sourceTree = "<group>"; };
		2233ED6018B509E300CEAD12 /* libITKIOHDF5-4.5.a */ = {isa = PBXFileReference; lastKnownFileType = archive.ar; name = "libITKIOHDF5-4.5.a"; path = "../../usr/local/ITK/Universal/Release/lib/libITKIOHDF5-4.5.a"; sourceTree = "<group>"; };
		2233ED6118B509E300CEAD12 /* libITKIOImageBase-4.5.a */ = {isa = PBXFileReference; lastKnownFileType = archive.ar; name = "libITKIOImageBase-4.5.a"; path = "../../usr/local/ITK/Universal/Release/lib/libITKIOImageBase-4.5.a"; sourceTree = "<group>"; };
		2233ED6218B509E300CEAD12 /* libITKIOIPL-4.5.a */ = {isa = PBXFileReference; lastKnownFileType = archive.ar; name = "libITKIOIPL-4.5.a"; path = "../../usr/local/ITK/Universal/Release/lib/libITKIOIPL-4.5.a"; sourceTree = "<group>"; };
		2233ED6318B509E300CEAD12 /* libITKIOJPEG-4.5.a */ = {isa = PBXFileReference; lastKnownFileType = archive.ar; name = "libITKIOJPEG-4.5.a"; path = "../../usr/local/ITK/Universal/Release/lib/libITKIOJPEG-4.5.a"; sourceTree = "<group>"; };
		2233ED6418B509E300CEAD12 /* libITKIOLSM-4.5.a */ = {isa = PBXFileReference; lastKnownFileType = archive.ar; name = "libITKIOLSM-4.5.a"; path = "../../usr/local/ITK/Universal/Release/lib/libITKIOLSM-4.5.a"; sourceTree = "<group>"; };
		2233ED6518B509E300CEAD12 /* libITKIOMesh-4.5.a */ = {isa = PBXFileReference; lastKnownFileType = archive.ar; name = "libITKIOMesh-4.5.a"; path = "../../usr/local/ITK/Universal/Release/lib/libITKIOMesh-4.5.a"; sourceTree = "<group>"; };
		2233ED6618B509E300CEAD12 /* libITKIOMeta-4.5.a */ = {isa = PBXFileReference; lastKnownFileType = archive.ar; name = "libITKIOMeta-4.5.a"; path = "../../usr/local/ITK/Universal/Release/lib/libITKIOMeta-4.5.a"; sourceTree = "<group>"; };
		2233ED6718B509E300CEAD12 /* libITKIOMRC-4.5.a */ = {isa = PBXFileReference; lastKnownFileType = archive.ar; name = "libITKIOMRC-4.5.a"; path = "../../usr/local/ITK/Universal/Release/lib/libITKIOMRC-4.5.a"; sourceTree = "<group>"; };
		2233ED6818B509E300CEAD12 /* libITKIONIFTI-4.5.a */ = {isa = PBXFileReference; lastKnownFileType = archive.ar; name = "libITKIONIFTI-4.5.a"; path = "../../usr/local/ITK/Universal/Release/lib/libITKIONIFTI-4.5.a"; sourceTree = "<group>"; };
		2233ED6918B509E300CEAD12 /* libITKIONRRD-4.5.a */ = {isa = PBXFileReference; lastKnownFileType = archive.ar; name = "libITKIONRRD-4.5.a"; path = "../../usr/local/ITK/Universal/Release/lib/libITKIONRRD-4.5.a"; sourceTree = "<group>"; };
		2233ED6A18B509E300CEAD12 /* libITKIOPNG-4.5.a */ = {isa = PBXFileReference; lastKnownFileType = archive.ar; name = "libITKIOPNG-4.5.a"; path = "../../usr/local/ITK/Universal/Release/lib/libITKIOPNG-4.5.a"; sourceTree = "<group>"; };
		2233ED6B18B509E300CEAD12 /* libITKIOSiemens-4.5.a */ = {isa = PBXFileReference; lastKnownFileType = archive.ar; name = "libITKIOSiemens-4.5.a"; path = "../../usr/local/ITK/Universal/Release/lib/libITKIOSiemens-4.5.a"; sourceTree = "<group>"; };
		2233ED6C18B509E300CEAD12 /* libITKIOSpatialObjects-4.5.a */ = {isa = PBXFileReference; lastKnownFileType = archive.ar; name = "libITKIOSpatialObjects-4.5.a"; path = "../../usr/local/ITK/Universal/Release/lib/libITKIOSpatialObjects-4.5.a"; sourceTree = "<group>"; };
		2233ED6D18B509E300CEAD12 /* libITKIOStimulate-4.5.a */ = {isa = PBXFileReference; lastKnownFileType = archive.ar; name = "libITKIOStimulate-4.5.a"; path = "../../usr/local/ITK/Universal/Release/lib/libITKIOStimulate-4.5.a"; sourceTree = "<group>"; };
		2233ED6E18B509E300CEAD12 /* libITKIOTIFF-4.5.a */ = {isa = PBXFileReference; lastKnownFileType = archive.ar; name = "libITKIOTIFF-4.5.a"; path = "../../usr/local/ITK/Universal/Release/lib/libITKIOTIFF-4.5.a"; sourceTree = "<group>"; };
		2233ED6F18B509E300CEAD12 /* libITKIOTransformBase-4.5.a */ = {isa = PBXFileReference; lastKnownFileType = archive.ar; name = "libITKIOTransformBase-4.5.a"; path = "../../usr/local/ITK/Universal/Release/lib/libITKIOTransformBase-4.5.a"; sourceTree = "<group>"; };
		2233ED7018B509E300CEAD12 /* libITKIOTransformHDF5-4.5.a */ = {isa = PBXFileReference; lastKnownFileType = archive.ar; name = "libITKIOTransformHDF5-4.5.a"; path = "../../usr/local/ITK/Universal/Release/lib/libITKIOTransformHDF5-4.5.a"; sourceTree = "<group>"; };
		2233ED7118B509E300CEAD12 /* libITKIOTransformInsightLegacy-4.5.a */ = {isa = PBXFileReference; lastKnownFileType = archive.ar; name = "libITKIOTransformInsightLegacy-4.5.a"; path = "../../usr/local/ITK/Universal/Release/lib/libITKIOTransformInsightLegacy-4.5.a"; sourceTree = "<group>"; };
		2233ED7218B509E300CEAD12 /* libITKIOTransformMatlab-4.5.a */ = {isa = PBXFileReference; lastKnownFileType = archive.ar; name = "libITKIOTransformMatlab-4.5.a"; path = "../../usr/local/ITK/Universal/Release/lib/libITKIOTransformMatlab-4.5.a"; sourceTree = "<group>"; };
		2233ED7318B509E300CEAD12 /* libITKIOVTK-4.5.a */ = {isa = PBXFileReference; lastKnownFileType = archive.ar; name = "libITKIOVTK-4.5.a"; path = "../../usr/local/ITK/Universal/Release/lib/libITKIOVTK-4.5.a"; sourceTree = "<group>"; };
		2233ED7418B509E300CEAD12 /* libITKIOXML-4.5.a */ = {isa = PBXFileReference; lastKnownFileType = archive.ar; name = "libITKIOXML-4.5.a"; path = "../../usr/local/ITK/Universal/Release/lib/libITKIOXML-4.5.a"; sourceTree = "<group>"; };
		2233ED7518B509E300CEAD12 /* libitkjpeg-4.5.a */ = {isa = PBXFileReference; lastKnownFileType = archive.ar; name = "libitkjpeg-4.5.a"; path = "../../usr/local/ITK/Universal/Release/lib/libitkjpeg-4.5.a"; sourceTree = "<group>"; };
		2233ED7618B509E300CEAD12 /* libITKKLMRegionGrowing-4.5.a */ = {isa = PBXFileReference; lastKnownFileType = archive.ar; name = "libITKKLMRegionGrowing-4.5.a"; path = "../../usr/local/ITK/Universal/Release/lib/libITKKLMRegionGrowing-4.5.a"; sourceTree = "<group>"; };
		2233ED7718B509E300CEAD12 /* libITKLabelMap-4.5.a */ = {isa = PBXFileReference; lastKnownFileType = archive.ar; name = "libITKLabelMap-4.5.a"; path = "../../usr/local/ITK/Universal/Release/lib/libITKLabelMap-4.5.a"; sourceTree = "<group>"; };
		2233ED7818B509E300CEAD12 /* libITKMesh-4.5.a */ = {isa = PBXFileReference; lastKnownFileType = archive.ar; name = "libITKMesh-4.5.a"; path = "../../usr/local/ITK/Universal/Release/lib/libITKMesh-4.5.a"; sourceTree = "<group>"; };
		2233ED7918B509E300CEAD12 /* libITKMetaIO-4.5.a */ = {isa = PBXFileReference; lastKnownFileType = archive.ar; name = "libITKMetaIO-4.5.a"; path = "../../usr/local/ITK/Universal/Release/lib/libITKMetaIO-4.5.a"; sourceTree = "<group>"; };
		2233ED7A18B509E300CEAD12 /* libitkNetlibSlatec-4.5.a */ = {isa = PBXFileReference; lastKnownFileType = archive.ar; name = "libitkNetlibSlatec-4.5.a"; path = "../../usr/local/ITK/Universal/Release/lib/libitkNetlibSlatec-4.5.a"; sourceTree = "<group>"; };
		2233ED7B18B509E300CEAD12 /* libITKniftiio-4.5.a */ = {isa = PBXFileReference; lastKnownFileType = archive.ar; name = "libITKniftiio-4.5.a"; path = "../../usr/local/ITK/Universal/Release/lib/libITKniftiio-4.5.a"; sourceTree = "<group>"; };
		2233ED7C18B509E300CEAD12 /* libITKNrrdIO-4.5.a */ = {isa = PBXFileReference; lastKnownFileType = archive.ar; name = "libITKNrrdIO-4.5.a"; path = "../../usr/local/ITK/Universal/Release/lib/libITKNrrdIO-4.5.a"; sourceTree = "<group>"; };
		2233ED7D18B509E300CEAD12 /* libitkopenjpeg-4.5.a */ = {isa = PBXFileReference; lastKnownFileType = archive.ar; name = "libitkopenjpeg-4.5.a"; path = "../../usr/local/ITK/Universal/Release/lib/libitkopenjpeg-4.5.a"; sourceTree = "<group>"; };
		2233ED7E18B509E300CEAD12 /* libITKOptimizers-4.5.a */ = {isa = PBXFileReference; lastKnownFileType = archive.ar; name = "libITKOptimizers-4.5.a"; path = "../../usr/local/ITK/Universal/Release/lib/libITKOptimizers-4.5.a"; sourceTree = "<group>"; };
		2233ED7F18B509E300CEAD12 /* libITKPath-4.5.a */ = {isa = PBXFileReference; lastKnownFileType = archive.ar; name = "libITKPath-4.5.a"; path = "../../usr/local/ITK/Universal/Release/lib/libITKPath-4.5.a"; sourceTree = "<group>"; };
		2233ED8018B509E300CEAD12 /* libitkpng-4.5.a */ = {isa = PBXFileReference; lastKnownFileType = archive.ar; name = "libitkpng-4.5.a"; path = "../../usr/local/ITK/Universal/Release/lib/libitkpng-4.5.a"; sourceTree = "<group>"; };
		2233ED8118B509E300CEAD12 /* libITKPolynomials-4.5.a */ = {isa = PBXFileReference; lastKnownFileType = archive.ar; name = "libITKPolynomials-4.5.a"; path = "../../usr/local/ITK/Universal/Release/lib/libITKPolynomials-4.5.a"; sourceTree = "<group>"; };
		2233ED8218B509E300CEAD12 /* libITKQuadEdgeMesh-4.5.a */ = {isa = PBXFileReference; lastKnownFileType = archive.ar; name = "libITKQuadEdgeMesh-4.5.a"; path = "../../usr/local/ITK/Universal/Release/lib/libITKQuadEdgeMesh-4.5.a"; sourceTree = "<group>"; };
		2233ED8318B509E300CEAD12 /* libITKSpatialObjects-4.5.a */ = {isa = PBXFileReference; lastKnownFileType = archive.ar; name = "libITKSpatialObjects-4.5.a"; path = "../../usr/local/ITK/Universal/Release/lib/libITKSpatialObjects-4.5.a"; sourceTree = "<group>"; };
		2233ED8418B509E300CEAD12 /* libITKStatistics-4.5.a */ = {isa = PBXFileReference; lastKnownFileType = archive.ar; name = "libITKStatistics-4.5.a"; path = "../../usr/local/ITK/Universal/Release/lib/libITKStatistics-4.5.a"; sourceTree = "<group>"; };
		2233ED8518B509E300CEAD12 /* libitksys-4.5.a */ = {isa = PBXFileReference; lastKnownFileType = archive.ar; name = "libitksys-4.5.a"; path = "../../usr/local/ITK/Universal/Release/lib/libitksys-4.5.a"; sourceTree = "<group>"; };
		2233ED8618B509E300CEAD12 /* libitktiff-4.5.a */ = {isa = PBXFileReference; lastKnownFileType = archive.ar; name = "libitktiff-4.5.a"; path = "../../usr/local/ITK/Universal/Release/lib/libitktiff-4.5.a"; sourceTree = "<group>"; };
		2233ED8718B509E300CEAD12 /* libitkv3p_lsqr-4.5.a */ = {isa = PBXFileReference; lastKnownFileType = archive.ar; name = "libitkv3p_lsqr-4.5.a"; path = "../../usr/local/ITK/Universal/Release/lib/libitkv3p_lsqr-4.5.a"; sourceTree = "<group>"; };
		2233ED8818B509E300CEAD12 /* libitkv3p_netlib-4.5.a */ = {isa = PBXFileReference; lastKnownFileType = archive.ar; name = "libitkv3p_netlib-4.5.a"; path = "../../usr/local/ITK/Universal/Release/lib/libitkv3p_netlib-4.5.a"; sourceTree = "<group>"; };
		2233ED8918B509E300CEAD12 /* libitkvcl-4.5.a */ = {isa = PBXFileReference; lastKnownFileType = archive.ar; name = "libitkvcl-4.5.a"; path = "../../usr/local/ITK/Universal/Release/lib/libitkvcl-4.5.a"; sourceTree = "<group>"; };
		2233ED8A18B509E300CEAD12 /* libITKVideoCore-4.5.a */ = {isa = PBXFileReference; lastKnownFileType = archive.ar; name = "libITKVideoCore-4.5.a"; path = "../../usr/local/ITK/Universal/Release/lib/libITKVideoCore-4.5.a"; sourceTree = "<group>"; };
		2233ED8B18B509E300CEAD12 /* libITKVideoIO-4.5.a */ = {isa = PBXFileReference; lastKnownFileType = archive.ar; name = "libITKVideoIO-4.5.a"; path = "../../usr/local/ITK/Universal/Release/lib/libITKVideoIO-4.5.a"; sourceTree = "<group>"; };
		2233ED8C18B509E300CEAD12 /* libitkvnl_algo-4.5.a */ = {isa = PBXFileReference; lastKnownFileType = archive.ar; name = "libitkvnl_algo-4.5.a"; path = "../../usr/local/ITK/Universal/Release/lib/libitkvnl_algo-4.5.a"; sourceTree = "<group>"; };
		2233ED8D18B509E300CEAD12 /* libitkvnl-4.5.a */ = {isa = PBXFileReference; lastKnownFileType = archive.ar; name = "libitkvnl-4.5.a"; path = "../../usr/local/ITK/Universal/Release/lib/libitkvnl-4.5.a"; sourceTree = "<group>"; };
		2233ED8E18B509E300CEAD12 /* libITKVNLInstantiation-4.5.a */ = {isa = PBXFileReference; lastKnownFileType = archive.ar; name = "libITKVNLInstantiation-4.5.a"; path = "../../usr/local/ITK/Universal/Release/lib/libITKVNLInstantiation-4.5.a"; sourceTree = "<group>"; };
		2233ED8F18B509E300CEAD12 /* libITKVTK-4.5.a */ = {isa = PBXFileReference; lastKnownFileType = archive.ar; name = "libITKVTK-4.5.a"; path = "../../usr/local/ITK/Universal/Release/lib/libITKVTK-4.5.a"; sourceTree = "<group>"; };
		2233ED9018B509E300CEAD12 /* libITKWatersheds-4.5.a */ = {isa = PBXFileReference; lastKnownFileType = archive.ar; name = "libITKWatersheds-4.5.a"; path = "../../usr/local/ITK/Universal/Release/lib/libITKWatersheds-4.5.a"; sourceTree = "<group>"; };
		2233ED9118B509E300CEAD12 /* libitkzlib-4.5.a */ = {isa = PBXFileReference; lastKnownFileType = archive.ar; name = "libitkzlib-4.5.a"; path = "../../usr/local/ITK/Universal/Release/lib/libitkzlib-4.5.a"; sourceTree = "<group>"; };
		2233ED9218B509E300CEAD12 /* libITKznz-4.5.a */ = {isa = PBXFileReference; lastKnownFileType = archive.ar; name = "libITKznz-4.5.a"; path = "../../usr/local/ITK/Universal/Release/lib/libITKznz-4.5.a"; sourceTree = "<group>"; };
		225843161721931700F9346C /* RegistrationParams.h */ = {isa = PBXFileReference; fileEncoding = 4; lastKnownFileType = sourcecode.c.h; path = RegistrationParams.h; sourceTree = "<group>"; };
		225843171721931700F9346C /* RegistrationParams.m */ = {isa = PBXFileReference; fileEncoding = 4; lastKnownFileType = sourcecode.c.objc; path = RegistrationParams.m; sourceTree = "<group>"; };
		225AA8D017EB58C900628ACB /* OptimizerUtils.cpp */ = {isa = PBXFileReference; fileEncoding = 4; lastKnownFileType = sourcecode.cpp.cpp; path = OptimizerUtils.cpp; sourceTree = "<group>"; };
		225AA8D117EB58C900628ACB /* OptimizerUtils.h */ = {isa = PBXFileReference; fileEncoding = 4; lastKnownFileType = sourcecode.c.h; path = OptimizerUtils.h; sourceTree = "<group>"; };
		225F6FE8187F280A00558EF7 /* RegisterOneImageDeformable3D.h */ = {isa = PBXFileReference; fileEncoding = 4; lastKnownFileType = sourcecode.c.h; path = RegisterOneImageDeformable3D.h; sourceTree = "<group>"; };
		225F6FE9187F280A00558EF7 /* RegisterOneImageDeformable3D.mm */ = {isa = PBXFileReference; fileEncoding = 4; lastKnownFileType = sourcecode.cpp.objcpp; path = RegisterOneImageDeformable3D.mm; sourceTree = "<group>"; };
		225F6FEA187F280A00558EF7 /* RegisterOneImageRigid3D.h */ = {isa = PBXFileReference; fileEncoding = 4; lastKnownFileType = sourcecode.c.h; path = RegisterOneImageRigid3D.h; sourceTree = "<group>"; };
		225F6FEB187F280A00558EF7 /* RegisterOneImageRigid3D.mm */ = {isa = PBXFileReference; fileEncoding = 4; lastKnownFileType = sourcecode.cpp.objcpp; path = RegisterOneImageRigid3D.mm; sourceTree = "<group>"; };
		22664EAD17294FC6008B7961 /* ProgressWindow.xib */ = {isa = PBXFileReference; fileEncoding = 4; lastKnownFileType = file.xib; path = ProgressWindow.xib; sourceTree = "<group>"; };
		22664EAF172959BA008B7961 /* ProgressWindowController.h */ = {isa = PBXFileReference; fileEncoding = 4; lastKnownFileType = sourcecode.c.h; path = ProgressWindowController.h; sourceTree = "<group>"; };
		22664EB0172959BA008B7961 /* ProgressWindowController.mm */ = {isa = PBXFileReference; fileEncoding = 4; lastKnownFileType = sourcecode.cpp.objcpp; path = ProgressWindowController.mm; sourceTree = "<group>"; };
		22664EB31729A73D008B7961 /* ItkTypedefs.h */ = {isa = PBXFileReference; lastKnownFileType = sourcecode.c.h; path = ItkTypedefs.h; sourceTree = "<group>"; };
		22664EB41729A864008B7961 /* CopyMetaDataDictionary.cpp */ = {isa = PBXFileReference; fileEncoding = 4; lastKnownFileType = sourcecode.cpp.cpp; path = CopyMetaDataDictionary.cpp; sourceTree = "<group>"; };
		22664EB51729A864008B7961 /* CopyMetaDataDictionary.h */ = {isa = PBXFileReference; fileEncoding = 4; lastKnownFileType = sourcecode.c.h; path = CopyMetaDataDictionary.h; sourceTree = "<group>"; };
		22664EB81729A95D008B7961 /* DumpDicomMetaDataDictionary.cpp */ = {isa = PBXFileReference; fileEncoding = 4; lastKnownFileType = sourcecode.cpp.cpp; path = DumpDicomMetaDataDictionary.cpp; sourceTree = "<group>"; };
		22664EB91729A95D008B7961 /* DumpDicomMetaDataDictionary.h */ = {isa = PBXFileReference; fileEncoding = 4; lastKnownFileType = sourcecode.c.h; path = DumpDicomMetaDataDictionary.h; sourceTree = "<group>"; };
		22664ECD1729ADC7008B7961 /* LoggerUtils.cpp */ = {isa = PBXFileReference; fileEncoding = 4; lastKnownFileType = sourcecode.cpp.cpp; path = LoggerUtils.cpp; sourceTree = "<group>"; };
		22664ECE1729ADC7008B7961 /* LoggerUtils.h */ = {isa = PBXFileReference; fileEncoding = 4; lastKnownFileType = sourcecode.c.h; path = LoggerUtils.h; sourceTree = "<group>"; };
		22664ED11729AE19008B7961 /* ParseITKException.cpp */ = {isa = PBXFileReference; fileEncoding = 4; lastKnownFileType = sourcecode.cpp.cpp; path = ParseITKException.cpp; sourceTree = "<group>"; };
		22664ED21729AE19008B7961 /* ParseITKException.h */ = {isa = PBXFileReference; fileEncoding = 4; lastKnownFileType = sourcecode.c.h; path = ParseITKException.h; sourceTree = "<group>"; };
		22664ED51729AED2008B7961 /* RegisterOneImageDeformable2D.mm */ = {isa = PBXFileReference; fileEncoding = 4; lastKnownFileType = sourcecode.cpp.objcpp; path = RegisterOneImageDeformable2D.mm; sourceTree = "<group>"; };
		22664ED61729AED2008B7961 /* RegisterOneImageDeformable2D.h */ = {isa = PBXFileReference; fileEncoding = 4; lastKnownFileType = sourcecode.c.h; path = RegisterOneImageDeformable2D.h; sourceTree = "<group>"; };
		22664ED71729AED2008B7961 /* RegisterOneImageRigid2D.mm */ = {isa = PBXFileReference; fileEncoding = 4; lastKnownFileType = sourcecode.cpp.objcpp; path = RegisterOneImageRigid2D.mm; sourceTree = "<group>"; };
		22664ED81729AED2008B7961 /* RegisterOneImageRigid2D.h */ = {isa = PBXFileReference; fileEncoding = 4; lastKnownFileType = sourcecode.c.h; path = RegisterOneImageRigid2D.h; sourceTree = "<group>"; };
		22664EDD1729AFF8008B7961 /* RegistrationObserver.mm */ = {isa = PBXFileReference; fileEncoding = 4; lastKnownFileType = sourcecode.cpp.objcpp; path = RegistrationObserver.mm; sourceTree = "<group>"; };
		22664EDE1729AFF8008B7961 /* RegistrationObserver.h */ = {isa = PBXFileReference; fileEncoding = 4; lastKnownFileType = sourcecode.c.h; path = RegistrationObserver.h; sourceTree = "<group>"; };
		22799E0818294697006D5EB1 /* libLog4m.a */ = {isa = PBXFileReference; lastKnownFileType = archive.ar; name = libLog4m.a; path = ../../usr/local/lib/libLog4m.a; sourceTree = "<group>"; };
		2284DDBE181561960008B134 /* ImageTagger.cpp */ = {isa = PBXFileReference; fileEncoding = 4; lastKnownFileType = sourcecode.cpp.cpp; path = ImageTagger.cpp; sourceTree = "<group>"; };
		2284DDBF181561960008B134 /* ImageTagger.h */ = {isa = PBXFileReference; fileEncoding = 4; lastKnownFileType = sourcecode.c.h; path = ImageTagger.h; sourceTree = "<group>"; };
		229367CA17204AEF00F1C1EF /* DialogController.h */ = {isa = PBXFileReference; fileEncoding = 4; lastKnownFileType = sourcecode.c.h; path = DialogController.h; sourceTree = "<group>"; };
		229367CB17204AEF00F1C1EF /* DialogController.mm */ = {isa = PBXFileReference; fileEncoding = 4; lastKnownFileType = sourcecode.cpp.objcpp; path = DialogController.mm; sourceTree = "<group>"; };
		2293D970188DC0FC00619245 /* SeriesInfo.h */ = {isa = PBXFileReference; fileEncoding = 4; lastKnownFileType = sourcecode.c.h; path = SeriesInfo.h; sourceTree = "<group>"; };
		2293D971188DC0FC00619245 /* SeriesInfo.m */ = {isa = PBXFileReference; fileEncoding = 4; lastKnownFileType = sourcecode.c.objc; path = SeriesInfo.m; sourceTree = "<group>"; };
		22AF448217CE3C990091644F /* Cocoa.framework */ = {isa = PBXFileReference; lastKnownFileType = wrapper.framework; name = Cocoa.framework; path = System/Library/Frameworks/Cocoa.framework; sourceTree = SDKROOT; };
		22AF448617CE3C990091644F /* CoreData.framework */ = {isa = PBXFileReference; lastKnownFileType = wrapper.framework; name = CoreData.framework; path = System/Library/Frameworks/CoreData.framework; sourceTree = SDKROOT; };
		22B0AEB8174E6D2100D85184 /* RegProgressValues.h */ = {isa = PBXFileReference; fileEncoding = 4; lastKnownFileType = sourcecode.c.h; path = RegProgressValues.h; sourceTree = "<group>"; };
		22B0AEB9174E6D2100D85184 /* RegProgressValues.m */ = {isa = PBXFileReference; fileEncoding = 4; lastKnownFileType = sourcecode.c.objc; path = RegProgressValues.m; sourceTree = "<group>"; };
		22B48EBD18510540008C370A /* liblog4cplusS.a */ = {isa = PBXFileReference; lastKnownFileType = archive.ar; name = liblog4cplusS.a; path = ../../usr/local/lib/liblog4cplusS.a; sourceTree = "<group>"; };
		22C3137C189D676E00ECDEE6 /* LoadingImagesWindowController.h */ = {isa = PBXFileReference; fileEncoding = 4; lastKnownFileType = sourcecode.c.h; path = LoadingImagesWindowController.h; sourceTree = "<group>"; };
		22C3137D189D676E00ECDEE6 /* LoadingImagesWindowController.m */ = {isa = PBXFileReference; fileEncoding = 4; lastKnownFileType = sourcecode.c.objc; path = LoadingImagesWindowController.m; sourceTree = "<group>"; };
		22C3137E189D676E00ECDEE6 /* LoadingImagesWindow.xib */ = {isa = PBXFileReference; fileEncoding = 4; lastKnownFileType = file.xib; path = LoadingImagesWindow.xib; sourceTree = "<group>"; };
		22C326A01892B59A00E8A071 /* ViewerController+ExportTimeSeries.h */ = {isa = PBXFileReference; fileEncoding = 4; lastKnownFileType = sourcecode.c.h; path = "ViewerController+ExportTimeSeries.h"; sourceTree = "<group>"; };
		22C326A11892B59A00E8A071 /* ViewerController+ExportTimeSeries.m */ = {isa = PBXFileReference; fileEncoding = 4; lastKnownFileType = sourcecode.c.objc; path = "ViewerController+ExportTimeSeries.m"; sourceTree = "<group>"; };
		22C326A51892C0DB00E8A071 /* OsiriXAPI.framework */ = {isa = PBXFileReference; lastKnownFileType = wrapper.framework; name = OsiriXAPI.framework; path = ../osirix/build/Development/OsiriXAPI.framework; sourceTree = "<group>"; };
		22C8753417E1F6FD00CD3308 /* ImageSlicer.cpp */ = {isa = PBXFileReference; fileEncoding = 4; lastKnownFileType = sourcecode.cpp.cpp; path = ImageSlicer.cpp; sourceTree = "<group>"; };
		22C8753517E1F6FD00CD3308 /* ImageSlicer.h */ = {isa = PBXFileReference; fileEncoding = 4; lastKnownFileType = sourcecode.c.h; path = ImageSlicer.h; sourceTree = "<group>"; };
		22CAD0D618043E7F00351867 /* MainDialog.xib */ = {isa = PBXFileReference; fileEncoding = 4; lastKnownFileType = file.xib; path = MainDialog.xib; sourceTree = "<group>"; };
		22D6C5F31743AC9E002EA2AB /* UserDefaults.h */ = {isa = PBXFileReference; fileEncoding = 4; lastKnownFileType = sourcecode.c.h; path = UserDefaults.h; sourceTree = "<group>"; };
		22D6C5F41743AC9E002EA2AB /* UserDefaults.m */ = {isa = PBXFileReference; fileEncoding = 4; lastKnownFileType = sourcecode.c.objc; path = UserDefaults.m; sourceTree = "<group>"; };
		22DC09F317D4C30F00814825 /* symbolList */ = {isa = PBXFileReference; fileEncoding = 4; lastKnownFileType = text; path = symbolList; sourceTree = "<group>"; };
		22ED12BB17847FC60047AF58 /* Region2D.h */ = {isa = PBXFileReference; fileEncoding = 4; lastKnownFileType = sourcecode.c.h; path = Region2D.h; sourceTree = "<group>"; };
		22ED12BC17847FC60047AF58 /* Region2D.m */ = {isa = PBXFileReference; fileEncoding = 4; lastKnownFileType = sourcecode.c.objc; path = Region2D.m; sourceTree = "<group>"; };
		22F2DD8E172AA06800F75C06 /* ProjectDefs.h */ = {isa = PBXFileReference; lastKnownFileType = sourcecode.c.h; path = ProjectDefs.h; sourceTree = "<group>"; };
		32DBCF630370AF2F00C91783 /* DCEFit_Prefix.pch */ = {isa = PBXFileReference; fileEncoding = 4; lastKnownFileType = sourcecode.c.h; path = DCEFit_Prefix.pch; sourceTree = "<group>"; };
		8D5B49B7048680CD000E48DA /* Info.plist */ = {isa = PBXFileReference; fileEncoding = 4; lastKnownFileType = text.plist.xml; path = Info.plist; sourceTree = "<group>"; };
		AB5D36050680E57E00F4007A /* DCEFit.osirixplugin */ = {isa = PBXFileReference; explicitFileType = wrapper.cfbundle; includeInIndex = 0; path = DCEFit.osirixplugin; sourceTree = BUILT_PRODUCTS_DIR; };
		ABA48A640680BB600089EB4F /* DCEFitFilter.h */ = {isa = PBXFileReference; fileEncoding = 30; lastKnownFileType = sourcecode.c.h; path = DCEFitFilter.h; sourceTree = "<group>"; };
		ABA48A660680BB690089EB4F /* DCEFitFilter.mm */ = {isa = PBXFileReference; fileEncoding = 30; lastKnownFileType = sourcecode.cpp.objcpp; path = DCEFitFilter.mm; sourceTree = "<group>"; };
/* End PBXFileReference section */

/* Begin PBXFrameworksBuildPhase section */
		8D5B49B3048680CD000E48DA /* Frameworks */ = {
			isa = PBXFrameworksBuildPhase;
			buildActionMask = 2147483647;
			files = (
				22C326A61892C0DB00E8A071 /* OsiriXAPI.framework in Frameworks */,
				2233ED9B18B509E300CEAD12 /* libitkgdcmDICT-4.5.a in Frameworks */,
				2233EDAF18B509E300CEAD12 /* libITKIOJPEG-4.5.a in Frameworks */,
				2233EDCB18B509E300CEAD12 /* libITKPath-4.5.a in Frameworks */,
				2233EDCE18B509E300CEAD12 /* libITKQuadEdgeMesh-4.5.a in Frameworks */,
				2233EDC218B509E300CEAD12 /* libITKKLMRegionGrowing-4.5.a in Frameworks */,
				2233EDB718B509E300CEAD12 /* libITKIOSiemens-4.5.a in Frameworks */,
				2233EDDC18B509E300CEAD12 /* libITKWatersheds-4.5.a in Frameworks */,
				2233EDD418B509E300CEAD12 /* libitkv3p_netlib-4.5.a in Frameworks */,
				2233EDA718B509E300CEAD12 /* libITKIOBMP-4.5.a in Frameworks */,
				2233EDB618B509E300CEAD12 /* libITKIOPNG-4.5.a in Frameworks */,
				2233EDD818B509E300CEAD12 /* libitkvnl_algo-4.5.a in Frameworks */,
				2233EDC718B509E300CEAD12 /* libITKniftiio-4.5.a in Frameworks */,
				2233EDC118B509E300CEAD12 /* libitkjpeg-4.5.a in Frameworks */,
				2233EDB418B509E300CEAD12 /* libITKIONIFTI-4.5.a in Frameworks */,
				2233EDAE18B509E300CEAD12 /* libITKIOIPL-4.5.a in Frameworks */,
				2233EDBB18B509E300CEAD12 /* libITKIOTransformBase-4.5.a in Frameworks */,
				2233EDB518B509E300CEAD12 /* libITKIONRRD-4.5.a in Frameworks */,
				2233EDC318B509E300CEAD12 /* libITKLabelMap-4.5.a in Frameworks */,
				2233ED9E18B509E300CEAD12 /* libitkgdcmjpeg8-4.5.a in Frameworks */,
				22799E0918294697006D5EB1 /* libLog4m.a in Frameworks */,
				2233EDC918B509E300CEAD12 /* libitkopenjpeg-4.5.a in Frameworks */,
				2233EDA318B509E300CEAD12 /* libITKgiftiio-4.5.a in Frameworks */,
				2233EDC018B509E300CEAD12 /* libITKIOXML-4.5.a in Frameworks */,
				2233EDA018B509E300CEAD12 /* libitkgdcmjpeg16-4.5.a in Frameworks */,
				2233EDAA18B509E300CEAD12 /* libITKIOGE-4.5.a in Frameworks */,
				22B48EBE18510540008C370A /* liblog4cplusS.a in Frameworks */,
				2233EDC818B509E300CEAD12 /* libITKNrrdIO-4.5.a in Frameworks */,
				2233EDBF18B509E300CEAD12 /* libITKIOVTK-4.5.a in Frameworks */,
				2233EDB118B509E300CEAD12 /* libITKIOMesh-4.5.a in Frameworks */,
				2233EDB018B509E300CEAD12 /* libITKIOLSM-4.5.a in Frameworks */,
				2233ED9C18B509E300CEAD12 /* libitkgdcmDSED-4.5.a in Frameworks */,
				2233EDCA18B509E300CEAD12 /* libITKOptimizers-4.5.a in Frameworks */,
				2233EDA418B509E300CEAD12 /* libitkhdf5_cpp-4.5.a in Frameworks */,
				2233EDA618B509E300CEAD12 /* libITKIOBioRad-4.5.a in Frameworks */,
				2233EDD118B509E300CEAD12 /* libitksys-4.5.a in Frameworks */,
				2233EDD618B509E300CEAD12 /* libITKVideoCore-4.5.a in Frameworks */,
				2233EDD518B509E300CEAD12 /* libitkvcl-4.5.a in Frameworks */,
				2233EDAC18B509E300CEAD12 /* libITKIOHDF5-4.5.a in Frameworks */,
				2233ED9818B509E300CEAD12 /* libITKEXPAT-4.5.a in Frameworks */,
				2233EDC418B509E300CEAD12 /* libITKMesh-4.5.a in Frameworks */,
				2233EDC618B509E300CEAD12 /* libitkNetlibSlatec-4.5.a in Frameworks */,
				2233EDCF18B509E300CEAD12 /* libITKSpatialObjects-4.5.a in Frameworks */,
				2233ED9618B509E300CEAD12 /* libITKDICOMParser-4.5.a in Frameworks */,
				2233EDAD18B509E300CEAD12 /* libITKIOImageBase-4.5.a in Frameworks */,
				2233EDB218B509E300CEAD12 /* libITKIOMeta-4.5.a in Frameworks */,
				2233EDD718B509E300CEAD12 /* libITKVideoIO-4.5.a in Frameworks */,
				2233EDDB18B509E300CEAD12 /* libITKVTK-4.5.a in Frameworks */,
				2233EDB318B509E300CEAD12 /* libITKIOMRC-4.5.a in Frameworks */,
				2233EDDD18B509E300CEAD12 /* libitkzlib-4.5.a in Frameworks */,
				2233ED9518B509E300CEAD12 /* libITKCommon-4.5.a in Frameworks */,
				2233ED9718B509E300CEAD12 /* libitkdouble-conversion-4.5.a in Frameworks */,
				2233ED9418B509E300CEAD12 /* libITKBioCell-4.5.a in Frameworks */,
				2233EDA218B509E300CEAD12 /* libitkgdcmuuid-4.5.a in Frameworks */,
				2233EDDE18B509E300CEAD12 /* libITKznz-4.5.a in Frameworks */,
				2233ED9A18B509E300CEAD12 /* libitkgdcmCommon-4.5.a in Frameworks */,
				2233EDCC18B509E300CEAD12 /* libitkpng-4.5.a in Frameworks */,
				2233EDBE18B509E300CEAD12 /* libITKIOTransformMatlab-4.5.a in Frameworks */,
				2233EDDA18B509E300CEAD12 /* libITKVNLInstantiation-4.5.a in Frameworks */,
				2233EDB918B509E300CEAD12 /* libITKIOStimulate-4.5.a in Frameworks */,
				2233EDBD18B509E300CEAD12 /* libITKIOTransformInsightLegacy-4.5.a in Frameworks */,
				2233EDD218B509E300CEAD12 /* libitktiff-4.5.a in Frameworks */,
				2233EDD318B509E300CEAD12 /* libitkv3p_lsqr-4.5.a in Frameworks */,
				2233EDC518B509E300CEAD12 /* libITKMetaIO-4.5.a in Frameworks */,
				2233EDBA18B509E300CEAD12 /* libITKIOTIFF-4.5.a in Frameworks */,
				2233EDCD18B509E300CEAD12 /* libITKPolynomials-4.5.a in Frameworks */,
				2233EDA818B509E300CEAD12 /* libITKIOCSV-4.5.a in Frameworks */,
				2233EDBC18B509E300CEAD12 /* libITKIOTransformHDF5-4.5.a in Frameworks */,
				2233EDAB18B509E300CEAD12 /* libITKIOGIPL-4.5.a in Frameworks */,
				2233ED9F18B509E300CEAD12 /* libitkgdcmjpeg12-4.5.a in Frameworks */,
				2233ED9318B509E300CEAD12 /* libITKBiasCorrection-4.5.a in Frameworks */,
				2233EDA118B509E300CEAD12 /* libitkgdcmMSFF-4.5.a in Frameworks */,
				2233EDD018B509E300CEAD12 /* libITKStatistics-4.5.a in Frameworks */,
				2233EDB818B509E300CEAD12 /* libITKIOSpatialObjects-4.5.a in Frameworks */,
				2233EDA518B509E300CEAD12 /* libitkhdf5-4.5.a in Frameworks */,
				2233ED9D18B509E300CEAD12 /* libitkgdcmIOD-4.5.a in Frameworks */,
				2233EDD918B509E300CEAD12 /* libitkvnl-4.5.a in Frameworks */,
				2233ED9918B509E300CEAD12 /* libITKFEM-4.5.a in Frameworks */,
				2233EDA918B509E300CEAD12 /* libITKIOGDCM-4.5.a in Frameworks */,
			);
			runOnlyForDeploymentPostprocessing = 0;
		};
/* End PBXFrameworksBuildPhase section */

/* Begin PBXGroup section */
		089C166AFE841209C02AAC07 /* DCEFit */ = {
			isa = PBXGroup;
			children = (
				22DC09F317D4C30F00814825 /* symbolList */,
				08FB77AFFE84173DC02AAC07 /* Classes */,
				22664EC41729AADC008B7961 /* Functions */,
				089C167CFE841241C02AAC07 /* Resources */,
				089C1671FE841209C02AAC07 /* Frameworks and Libraries */,
				32C88E010371C26100C91783 /* Other Sources */,
				19C28FB8FE9D52D311CA2CBB /* Products */,
			);
			name = DCEFit;
			sourceTree = "<group>";
		};
		089C1671FE841209C02AAC07 /* Frameworks and Libraries */ = {
			isa = PBXGroup;
			children = (
				22C326A41892C02D00E8A071 /* Osirix Frameworks */,
				22CF47D117D4EBCE00C49614 /* Private Frameworks */,
				22AF44A117CE48250091644F /* Logger */,
				229793FD17248441004CCBC6 /* ITK */,
				1058C7ACFEA557BF11CA2CBB /* Linked Frameworks */,
				1058C7AEFEA557BF11CA2CBB /* Other Frameworks */,
			);
			name = "Frameworks and Libraries";
			sourceTree = "<group>";
		};
		089C167CFE841241C02AAC07 /* Resources */ = {
			isa = PBXGroup;
			children = (
				8D5B49B7048680CD000E48DA /* Info.plist */,
				089C167DFE841241C02AAC07 /* InfoPlist.strings */,
				22CAD0D618043E7F00351867 /* MainDialog.xib */,
				22664EAD17294FC6008B7961 /* ProgressWindow.xib */,
				22C3137E189D676E00ECDEE6 /* LoadingImagesWindow.xib */,
			);
			name = Resources;
			sourceTree = "<group>";
		};
		08FB77AFFE84173DC02AAC07 /* Classes */ = {
			isa = PBXGroup;
			children = (
				ABA48A640680BB600089EB4F /* DCEFitFilter.h */,
				ABA48A660680BB690089EB4F /* DCEFitFilter.mm */,
				229367CA17204AEF00F1C1EF /* DialogController.h */,
				229367CB17204AEF00F1C1EF /* DialogController.mm */,
				2217E91C1732C56C00769974 /* ImageImporter.h */,
				2217E91D1732C56C00769974 /* ImageImporter.mm */,
				22C8753517E1F6FD00CD3308 /* ImageSlicer.h */,
				22C8753417E1F6FD00CD3308 /* ImageSlicer.cpp */,
				2284DDBF181561960008B134 /* ImageTagger.h */,
				2284DDBE181561960008B134 /* ImageTagger.cpp */,
				22004548175E63BE001A8EF2 /* ItkRegistrationParams.h */,
				22004549175E63BE001A8EF2 /* ItkRegistrationParams.mm */,
				22664EB31729A73D008B7961 /* ItkTypedefs.h */,
				22C3137C189D676E00ECDEE6 /* LoadingImagesWindowController.h */,
				22C3137D189D676E00ECDEE6 /* LoadingImagesWindowController.m */,
				22664EAF172959BA008B7961 /* ProgressWindowController.h */,
				22664EB0172959BA008B7961 /* ProgressWindowController.mm */,
				22F2DD8E172AA06800F75C06 /* ProjectDefs.h */,
				22ED12BB17847FC60047AF58 /* Region2D.h */,
				22ED12BC17847FC60047AF58 /* Region2D.m */,
				22004544175E55B9001A8EF2 /* RegisterImageOp.h */,
				22004545175E55B9001A8EF2 /* RegisterImageOp.mm */,
				22098EC917AD2D7600428C86 /* RegisterOneImage.h */,
				22664ED61729AED2008B7961 /* RegisterOneImageDeformable2D.h */,
				22664ED51729AED2008B7961 /* RegisterOneImageDeformable2D.mm */,
				22664ED81729AED2008B7961 /* RegisterOneImageRigid2D.h */,
				22664ED71729AED2008B7961 /* RegisterOneImageRigid2D.mm */,
				225F6FE8187F280A00558EF7 /* RegisterOneImageDeformable3D.h */,
				225F6FE9187F280A00558EF7 /* RegisterOneImageDeformable3D.mm */,
				225F6FEA187F280A00558EF7 /* RegisterOneImageRigid3D.h */,
				225F6FEB187F280A00558EF7 /* RegisterOneImageRigid3D.mm */,
				2217E9201732DE4200769974 /* RegistrationManager.h */,
				2217E9211732DE4200769974 /* RegistrationManager.mm */,
				22664EDE1729AFF8008B7961 /* RegistrationObserver.h */,
				22664EDD1729AFF8008B7961 /* RegistrationObserver.mm */,
				225843161721931700F9346C /* RegistrationParams.h */,
				225843171721931700F9346C /* RegistrationParams.m */,
				22B0AEB8174E6D2100D85184 /* RegProgressValues.h */,
				22B0AEB9174E6D2100D85184 /* RegProgressValues.m */,
				2293D970188DC0FC00619245 /* SeriesInfo.h */,
				2293D971188DC0FC00619245 /* SeriesInfo.m */,
				22D6C5F31743AC9E002EA2AB /* UserDefaults.h */,
				22D6C5F41743AC9E002EA2AB /* UserDefaults.m */,
				22C326A01892B59A00E8A071 /* ViewerController+ExportTimeSeries.h */,
				22C326A11892B59A00E8A071 /* ViewerController+ExportTimeSeries.m */,
			);
			name = Classes;
			sourceTree = "<group>";
		};
		1058C7ACFEA557BF11CA2CBB /* Linked Frameworks */ = {
			isa = PBXGroup;
			children = (
				22AF448217CE3C990091644F /* Cocoa.framework */,
			);
			name = "Linked Frameworks";
			sourceTree = "<group>";
		};
		1058C7AEFEA557BF11CA2CBB /* Other Frameworks */ = {
			isa = PBXGroup;
			children = (
				22AF448617CE3C990091644F /* CoreData.framework */,
				089C1672FE841209C02AAC07 /* Foundation.framework */,
				089C167FFE841241C02AAC07 /* AppKit.framework */,
			);
			name = "Other Frameworks";
			sourceTree = "<group>";
		};
		19C28FB8FE9D52D311CA2CBB /* Products */ = {
			isa = PBXGroup;
			children = (
				AB5D36050680E57E00F4007A /* DCEFit.osirixplugin */,
			);
			name = Products;
			sourceTree = "<group>";
		};
		22664EC41729AADC008B7961 /* Functions */ = {
			isa = PBXGroup;
			children = (
				22664EB41729A864008B7961 /* CopyMetaDataDictionary.cpp */,
				22664EB51729A864008B7961 /* CopyMetaDataDictionary.h */,
				22664EB81729A95D008B7961 /* DumpDicomMetaDataDictionary.cpp */,
				22664EB91729A95D008B7961 /* DumpDicomMetaDataDictionary.h */,
				225AA8D017EB58C900628ACB /* OptimizerUtils.cpp */,
				225AA8D117EB58C900628ACB /* OptimizerUtils.h */,
				22664ED11729AE19008B7961 /* ParseITKException.cpp */,
				22664ED21729AE19008B7961 /* ParseITKException.h */,
				22664ECE1729ADC7008B7961 /* LoggerUtils.h */,
				22664ECD1729ADC7008B7961 /* LoggerUtils.cpp */,
			);
			name = Functions;
			sourceTree = "<group>";
		};
		229793FD17248441004CCBC6 /* ITK */ = {
			isa = PBXGroup;
			children = (
				2233ED4718B509E300CEAD12 /* libITKBiasCorrection-4.5.a */,
				2233ED4818B509E300CEAD12 /* libITKBioCell-4.5.a */,
				2233ED4918B509E300CEAD12 /* libITKCommon-4.5.a */,
				2233ED4A18B509E300CEAD12 /* libITKDICOMParser-4.5.a */,
				2233ED4B18B509E300CEAD12 /* libitkdouble-conversion-4.5.a */,
				2233ED4C18B509E300CEAD12 /* libITKEXPAT-4.5.a */,
				2233ED4D18B509E300CEAD12 /* libITKFEM-4.5.a */,
				2233ED4E18B509E300CEAD12 /* libitkgdcmCommon-4.5.a */,
				2233ED4F18B509E300CEAD12 /* libitkgdcmDICT-4.5.a */,
				2233ED5018B509E300CEAD12 /* libitkgdcmDSED-4.5.a */,
				2233ED5118B509E300CEAD12 /* libitkgdcmIOD-4.5.a */,
				2233ED5218B509E300CEAD12 /* libitkgdcmjpeg8-4.5.a */,
				2233ED5318B509E300CEAD12 /* libitkgdcmjpeg12-4.5.a */,
				2233ED5418B509E300CEAD12 /* libitkgdcmjpeg16-4.5.a */,
				2233ED5518B509E300CEAD12 /* libitkgdcmMSFF-4.5.a */,
				2233ED5618B509E300CEAD12 /* libitkgdcmuuid-4.5.a */,
				2233ED5718B509E300CEAD12 /* libITKgiftiio-4.5.a */,
				2233ED5818B509E300CEAD12 /* libitkhdf5_cpp-4.5.a */,
				2233ED5918B509E300CEAD12 /* libitkhdf5-4.5.a */,
				2233ED5A18B509E300CEAD12 /* libITKIOBioRad-4.5.a */,
				2233ED5B18B509E300CEAD12 /* libITKIOBMP-4.5.a */,
				2233ED5C18B509E300CEAD12 /* libITKIOCSV-4.5.a */,
				2233ED5D18B509E300CEAD12 /* libITKIOGDCM-4.5.a */,
				2233ED5E18B509E300CEAD12 /* libITKIOGE-4.5.a */,
				2233ED5F18B509E300CEAD12 /* libITKIOGIPL-4.5.a */,
				2233ED6018B509E300CEAD12 /* libITKIOHDF5-4.5.a */,
				2233ED6118B509E300CEAD12 /* libITKIOImageBase-4.5.a */,
				2233ED6218B509E300CEAD12 /* libITKIOIPL-4.5.a */,
				2233ED6318B509E300CEAD12 /* libITKIOJPEG-4.5.a */,
				2233ED6418B509E300CEAD12 /* libITKIOLSM-4.5.a */,
				2233ED6518B509E300CEAD12 /* libITKIOMesh-4.5.a */,
				2233ED6618B509E300CEAD12 /* libITKIOMeta-4.5.a */,
				2233ED6718B509E300CEAD12 /* libITKIOMRC-4.5.a */,
				2233ED6818B509E300CEAD12 /* libITKIONIFTI-4.5.a */,
				2233ED6918B509E300CEAD12 /* libITKIONRRD-4.5.a */,
				2233ED6A18B509E300CEAD12 /* libITKIOPNG-4.5.a */,
				2233ED6B18B509E300CEAD12 /* libITKIOSiemens-4.5.a */,
				2233ED6C18B509E300CEAD12 /* libITKIOSpatialObjects-4.5.a */,
				2233ED6D18B509E300CEAD12 /* libITKIOStimulate-4.5.a */,
				2233ED6E18B509E300CEAD12 /* libITKIOTIFF-4.5.a */,
				2233ED6F18B509E300CEAD12 /* libITKIOTransformBase-4.5.a */,
				2233ED7018B509E300CEAD12 /* libITKIOTransformHDF5-4.5.a */,
				2233ED7118B509E300CEAD12 /* libITKIOTransformInsightLegacy-4.5.a */,
				2233ED7218B509E300CEAD12 /* libITKIOTransformMatlab-4.5.a */,
				2233ED7318B509E300CEAD12 /* libITKIOVTK-4.5.a */,
				2233ED7418B509E300CEAD12 /* libITKIOXML-4.5.a */,
				2233ED7518B509E300CEAD12 /* libitkjpeg-4.5.a */,
				2233ED7618B509E300CEAD12 /* libITKKLMRegionGrowing-4.5.a */,
				2233ED7718B509E300CEAD12 /* libITKLabelMap-4.5.a */,
				2233ED7818B509E300CEAD12 /* libITKMesh-4.5.a */,
				2233ED7918B509E300CEAD12 /* libITKMetaIO-4.5.a */,
				2233ED7A18B509E300CEAD12 /* libitkNetlibSlatec-4.5.a */,
				2233ED7B18B509E300CEAD12 /* libITKniftiio-4.5.a */,
				2233ED7C18B509E300CEAD12 /* libITKNrrdIO-4.5.a */,
				2233ED7D18B509E300CEAD12 /* libitkopenjpeg-4.5.a */,
				2233ED7E18B509E300CEAD12 /* libITKOptimizers-4.5.a */,
				2233ED7F18B509E300CEAD12 /* libITKPath-4.5.a */,
				2233ED8018B509E300CEAD12 /* libitkpng-4.5.a */,
				2233ED8118B509E300CEAD12 /* libITKPolynomials-4.5.a */,
				2233ED8218B509E300CEAD12 /* libITKQuadEdgeMesh-4.5.a */,
				2233ED8318B509E300CEAD12 /* libITKSpatialObjects-4.5.a */,
				2233ED8418B509E300CEAD12 /* libITKStatistics-4.5.a */,
				2233ED8518B509E300CEAD12 /* libitksys-4.5.a */,
				2233ED8618B509E300CEAD12 /* libitktiff-4.5.a */,
				2233ED8718B509E300CEAD12 /* libitkv3p_lsqr-4.5.a */,
				2233ED8818B509E300CEAD12 /* libitkv3p_netlib-4.5.a */,
				2233ED8918B509E300CEAD12 /* libitkvcl-4.5.a */,
				2233ED8A18B509E300CEAD12 /* libITKVideoCore-4.5.a */,
				2233ED8B18B509E300CEAD12 /* libITKVideoIO-4.5.a */,
				2233ED8C18B509E300CEAD12 /* libitkvnl_algo-4.5.a */,
				2233ED8D18B509E300CEAD12 /* libitkvnl-4.5.a */,
				2233ED8E18B509E300CEAD12 /* libITKVNLInstantiation-4.5.a */,
				2233ED8F18B509E300CEAD12 /* libITKVTK-4.5.a */,
				2233ED9018B509E300CEAD12 /* libITKWatersheds-4.5.a */,
				2233ED9118B509E300CEAD12 /* libitkzlib-4.5.a */,
				2233ED9218B509E300CEAD12 /* libITKznz-4.5.a */,
			);
			name = ITK;
			sourceTree = "<group>";
		};
		22AF44A117CE48250091644F /* Logger */ = {
			isa = PBXGroup;
			children = (
				22B48EBD18510540008C370A /* liblog4cplusS.a */,
				22799E0818294697006D5EB1 /* libLog4m.a */,
			);
			name = Logger;
			sourceTree = "<group>";
		};
		22C326A41892C02D00E8A071 /* Osirix Frameworks */ = {
			isa = PBXGroup;
			children = (
				22C326A51892C0DB00E8A071 /* OsiriXAPI.framework */,
			);
			name = "Osirix Frameworks";
			sourceTree = "<group>";
		};
		22CF47D117D4EBCE00C49614 /* Private Frameworks */ = {
			isa = PBXGroup;
			children = (
			);
			name = "Private Frameworks";
			sourceTree = "<group>";
		};
		32C88E010371C26100C91783 /* Other Sources */ = {
			isa = PBXGroup;
			children = (
				32DBCF630370AF2F00C91783 /* DCEFit_Prefix.pch */,
			);
			name = "Other Sources";
			sourceTree = "<group>";
		};
/* End PBXGroup section */

/* Begin PBXHeadersBuildPhase section */
		8D5B49AD048680CD000E48DA /* Headers */ = {
			isa = PBXHeadersBuildPhase;
			buildActionMask = 2147483647;
			files = (
				225F6FEE187F280A00558EF7 /* RegisterOneImageRigid3D.h in Headers */,
				8D5B49AE048680CD000E48DA /* DCEFit_Prefix.pch in Headers */,
				ABA48A650680BB600089EB4F /* DCEFitFilter.h in Headers */,
				229367CC17204AEF00F1C1EF /* DialogController.h in Headers */,
				22C326A21892B59A00E8A071 /* ViewerController+ExportTimeSeries.h in Headers */,
				22C3137F189D676E00ECDEE6 /* LoadingImagesWindowController.h in Headers */,
				225843181721931700F9346C /* RegistrationParams.h in Headers */,
				22664EB1172959BA008B7961 /* ProgressWindowController.h in Headers */,
				22664EB71729A864008B7961 /* CopyMetaDataDictionary.h in Headers */,
				225AA8D317EB58C900628ACB /* OptimizerUtils.h in Headers */,
				22664EBB1729A95D008B7961 /* DumpDicomMetaDataDictionary.h in Headers */,
				22664ED01729ADC7008B7961 /* LoggerUtils.h in Headers */,
				22664ED41729AE19008B7961 /* ParseITKException.h in Headers */,
				22664EDA1729AED2008B7961 /* RegisterOneImageDeformable2D.h in Headers */,
				22664EDC1729AED2008B7961 /* RegisterOneImageRigid2D.h in Headers */,
				22664EE01729AFF8008B7961 /* RegistrationObserver.h in Headers */,
				2217E91E1732C56C00769974 /* ImageImporter.h in Headers */,
				2217E9221732DE4300769974 /* RegistrationManager.h in Headers */,
				2293D972188DC0FC00619245 /* SeriesInfo.h in Headers */,
				22D6C5F51743AC9E002EA2AB /* UserDefaults.h in Headers */,
				22B0AEBA174E6D2200D85184 /* RegProgressValues.h in Headers */,
				22004546175E55BA001A8EF2 /* RegisterImageOp.h in Headers */,
				2200454A175E63BE001A8EF2 /* ItkRegistrationParams.h in Headers */,
				22ED12BD17847FC60047AF58 /* Region2D.h in Headers */,
				22098ECB17AD2D7600428C86 /* RegisterOneImage.h in Headers */,
				225F6FEC187F280A00558EF7 /* RegisterOneImageDeformable3D.h in Headers */,
				22C8753717E1F6FD00CD3308 /* ImageSlicer.h in Headers */,
				2284DDC1181561960008B134 /* ImageTagger.h in Headers */,
			);
			runOnlyForDeploymentPostprocessing = 0;
		};
/* End PBXHeadersBuildPhase section */

/* Begin PBXNativeTarget section */
		8D5B49AC048680CD000E48DA /* DCEFit */ = {
			isa = PBXNativeTarget;
			buildConfigurationList = CE6A9A9008AC841300D0C1EE /* Build configuration list for PBXNativeTarget "DCEFit" */;
			buildPhases = (
				8D5B49AD048680CD000E48DA /* Headers */,
				8D5B49AF048680CD000E48DA /* Resources */,
				8D5B49B1048680CD000E48DA /* Sources */,
				8D5B49B3048680CD000E48DA /* Frameworks */,
				8D5B49B5048680CD000E48DA /* Rez */,
				22AF449617CE3E520091644F /* CopyFiles */,
			);
			buildRules = (
			);
			dependencies = (
			);
			name = DCEFit;
			productInstallPath = "$(HOME)/Library/Bundles";
			productName = Invert;
			productReference = AB5D36050680E57E00F4007A /* DCEFit.osirixplugin */;
			productType = "com.apple.product-type.bundle";
		};
/* End PBXNativeTarget section */

/* Begin PBXProject section */
		089C1669FE841209C02AAC07 /* Project object */ = {
			isa = PBXProject;
			attributes = {
				LastUpgradeCheck = 0500;
			};
			buildConfigurationList = CE6A9A9408AC841300D0C1EE /* Build configuration list for PBXProject "DCEFit" */;
			compatibilityVersion = "Xcode 3.2";
			developmentRegion = English;
			hasScannedForEncodings = 1;
			knownRegions = (
				English,
				Japanese,
				French,
				German,
				en,
			);
			mainGroup = 089C166AFE841209C02AAC07 /* DCEFit */;
			projectDirPath = "";
			projectRoot = "";
			targets = (
				8D5B49AC048680CD000E48DA /* DCEFit */,
			);
		};
/* End PBXProject section */

/* Begin PBXResourcesBuildPhase section */
		8D5B49AF048680CD000E48DA /* Resources */ = {
			isa = PBXResourcesBuildPhase;
			buildActionMask = 2147483647;
			files = (
				22C31381189D676E00ECDEE6 /* LoadingImagesWindow.xib in Resources */,
				8D5B49B0048680CD000E48DA /* InfoPlist.strings in Resources */,
				22664EAE17294FC6008B7961 /* ProgressWindow.xib in Resources */,
				22DC09F417D4C30F00814825 /* symbolList in Resources */,
				22CAD0D718043E7F00351867 /* MainDialog.xib in Resources */,
			);
			runOnlyForDeploymentPostprocessing = 0;
		};
/* End PBXResourcesBuildPhase section */

/* Begin PBXRezBuildPhase section */
		8D5B49B5048680CD000E48DA /* Rez */ = {
			isa = PBXRezBuildPhase;
			buildActionMask = 2147483647;
			files = (
			);
			runOnlyForDeploymentPostprocessing = 0;
		};
/* End PBXRezBuildPhase section */

/* Begin PBXSourcesBuildPhase section */
		8D5B49B1048680CD000E48DA /* Sources */ = {
			isa = PBXSourcesBuildPhase;
			buildActionMask = 2147483647;
			files = (
				ABA48A670680BB690089EB4F /* DCEFitFilter.mm in Sources */,
				229367CD17204AEF00F1C1EF /* DialogController.mm in Sources */,
				225843191721931700F9346C /* RegistrationParams.m in Sources */,
				22664EB2172959BA008B7961 /* ProgressWindowController.mm in Sources */,
				22664EB61729A864008B7961 /* CopyMetaDataDictionary.cpp in Sources */,
				22C326A31892B59A00E8A071 /* ViewerController+ExportTimeSeries.m in Sources */,
				22664EBA1729A95D008B7961 /* DumpDicomMetaDataDictionary.cpp in Sources */,
				22664ECF1729ADC7008B7961 /* LoggerUtils.cpp in Sources */,
				22664ED31729AE19008B7961 /* ParseITKException.cpp in Sources */,
				22664ED91729AED2008B7961 /* RegisterOneImageDeformable2D.mm in Sources */,
				22664EDB1729AED2008B7961 /* RegisterOneImageRigid2D.mm in Sources */,
				22664EDF1729AFF8008B7961 /* RegistrationObserver.mm in Sources */,
				2293D973188DC0FC00619245 /* SeriesInfo.m in Sources */,
				2217E91F1732C56C00769974 /* ImageImporter.mm in Sources */,
				225AA8D217EB58C900628ACB /* OptimizerUtils.cpp in Sources */,
				225F6FED187F280A00558EF7 /* RegisterOneImageDeformable3D.mm in Sources */,
				2217E9231732DE4300769974 /* RegistrationManager.mm in Sources */,
				22D6C5F61743AC9E002EA2AB /* UserDefaults.m in Sources */,
				22B0AEBB174E6D2200D85184 /* RegProgressValues.m in Sources */,
				22004547175E55BA001A8EF2 /* RegisterImageOp.mm in Sources */,
				22C31380189D676E00ECDEE6 /* LoadingImagesWindowController.m in Sources */,
				225F6FEF187F280A00558EF7 /* RegisterOneImageRigid3D.mm in Sources */,
				2200454B175E63BE001A8EF2 /* ItkRegistrationParams.mm in Sources */,
				22ED12BE17847FC60047AF58 /* Region2D.m in Sources */,
				22C8753617E1F6FD00CD3308 /* ImageSlicer.cpp in Sources */,
				2284DDC0181561960008B134 /* ImageTagger.cpp in Sources */,
			);
			runOnlyForDeploymentPostprocessing = 0;
		};
/* End PBXSourcesBuildPhase section */

/* Begin PBXVariantGroup section */
		089C167DFE841241C02AAC07 /* InfoPlist.strings */ = {
			isa = PBXVariantGroup;
			children = (
				089C167EFE841241C02AAC07 /* English */,
			);
			name = InfoPlist.strings;
			sourceTree = "<group>";
		};
/* End PBXVariantGroup section */

/* Begin XCBuildConfiguration section */
		CE6A9A9108AC841300D0C1EE /* Debug */ = {
			isa = XCBuildConfiguration;
			buildSettings = {
				ALWAYS_SEARCH_USER_PATHS = NO;
				ARCHS = "$(ARCHS_STANDARD_32_64_BIT)";
				CLANG_WARN_ENUM_CONVERSION = YES;
				CLANG_WARN_INT_CONVERSION = YES;
				COMBINE_HIDPI_IMAGES = YES;
				COPY_PHASE_STRIP = NO;
				CURRENT_PROJECT_VERSION = 0.3;
				DEBUGGING_SYMBOLS = YES;
				FRAMEWORK_SEARCH_PATHS = (
					"$(inherited)",
					"~/devel/osirix/build/Development",
				);
				GCC_DYNAMIC_NO_PIC = NO;
				GCC_GENERATE_DEBUGGING_SYMBOLS = YES;
				GCC_OPTIMIZATION_LEVEL = 0;
				GCC_PRECOMPILE_PREFIX_HEADER = YES;
				GCC_PREFIX_HEADER = DCEFit_Prefix.pch;
				GCC_TREAT_IMPLICIT_FUNCTION_DECLARATIONS_AS_ERRORS = YES;
				GCC_TREAT_INCOMPATIBLE_POINTER_TYPE_WARNINGS_AS_ERRORS = YES;
				GCC_VERSION = "";
				GCC_WARN_64_TO_32_BIT_CONVERSION = NO;
				GCC_WARN_ABOUT_MISSING_FIELD_INITIALIZERS = YES;
				GCC_WARN_ABOUT_MISSING_NEWLINE = NO;
				GCC_WARN_ABOUT_MISSING_PROTOTYPES = YES;
				GCC_WARN_ABOUT_RETURN_TYPE = YES;
				GCC_WARN_FOUR_CHARACTER_CONSTANTS = YES;
				GCC_WARN_INITIALIZER_NOT_FULLY_BRACKETED = YES;
				GCC_WARN_SHADOW = NO;
				GCC_WARN_UNINITIALIZED_AUTOS = YES;
				GCC_WARN_UNUSED_PARAMETER = NO;
				GCC_WARN_UNUSED_VARIABLE = YES;
				HEADER_SEARCH_PATHS = "$(inherited)";
				INFOPLIST_FILE = Info.plist;
				INSTALL_PATH = "\"$(USER_LIBRARY_DIR)/Application\\ Support/OsiriX/Plugins\"";
				LD_GENERATE_MAP_FILE = YES;
				LIBRARY_SEARCH_PATHS = "$(inherited)";
				LIBRARY_STYLE = Bundle;
				MACOSX_DEPLOYMENT_TARGET = 10.7;
				ONLY_ACTIVE_ARCH = YES;
				OTHER_LDFLAGS = (
					"-undefined",
					dynamic_lookup,
					"-exported_symbols_list",
					symbolList,
				);
				PRODUCT_NAME = DCEFit;
				SDKROOT = macosx;
				SECTORDER_FLAGS = "";
				WRAPPER_EXTENSION = osirixplugin;
				ZERO_LINK = NO;
			};
			name = Debug;
		};
		CE6A9A9208AC841300D0C1EE /* Release */ = {
			isa = XCBuildConfiguration;
			buildSettings = {
				ALWAYS_SEARCH_USER_PATHS = NO;
				ARCHS = "$(ARCHS_STANDARD_32_64_BIT)";
				CLANG_WARN_ENUM_CONVERSION = YES;
				CLANG_WARN_INT_CONVERSION = YES;
				COMBINE_HIDPI_IMAGES = YES;
				COPY_PHASE_STRIP = YES;
				CURRENT_PROJECT_VERSION = 0.3;
				FRAMEWORK_SEARCH_PATHS = (
					"$(inherited)",
					"~/devel/osirix/build/Development",
				);
				GCC_PRECOMPILE_PREFIX_HEADER = YES;
				GCC_PREFIX_HEADER = DCEFit_Prefix.pch;
				GCC_TREAT_IMPLICIT_FUNCTION_DECLARATIONS_AS_ERRORS = YES;
				GCC_TREAT_INCOMPATIBLE_POINTER_TYPE_WARNINGS_AS_ERRORS = YES;
				GCC_VERSION = "";
				GCC_WARN_64_TO_32_BIT_CONVERSION = NO;
				GCC_WARN_ABOUT_MISSING_FIELD_INITIALIZERS = YES;
				GCC_WARN_ABOUT_MISSING_NEWLINE = NO;
				GCC_WARN_ABOUT_MISSING_PROTOTYPES = YES;
				GCC_WARN_ABOUT_RETURN_TYPE = YES;
				GCC_WARN_FOUR_CHARACTER_CONSTANTS = YES;
				GCC_WARN_INITIALIZER_NOT_FULLY_BRACKETED = YES;
				GCC_WARN_SHADOW = NO;
				GCC_WARN_UNINITIALIZED_AUTOS = YES;
				GCC_WARN_UNUSED_PARAMETER = NO;
				GCC_WARN_UNUSED_VARIABLE = YES;
				HEADER_SEARCH_PATHS = "$(inherited)";
				INFOPLIST_FILE = Info.plist;
				INSTALL_PATH = "\"$(USER_LIBRARY_DIR)/Application\\ Support/OsiriX/Plugins\"";
				LD_GENERATE_MAP_FILE = YES;
				LIBRARY_SEARCH_PATHS = "$(inherited)";
				LIBRARY_STYLE = Bundle;
				MACOSX_DEPLOYMENT_TARGET = 10.7;
				ONLY_ACTIVE_ARCH = YES;
				OTHER_LDFLAGS = (
					"-undefined",
					dynamic_lookup,
					"-exported_symbols_list",
					symbolList,
				);
				PRODUCT_NAME = DCEFit;
				SDKROOT = macosx;
				SECTORDER_FLAGS = "";
				WRAPPER_EXTENSION = osirixplugin;
				ZERO_LINK = NO;
			};
			name = Release;
		};
		CE6A9A9508AC841300D0C1EE /* Debug */ = {
			isa = XCBuildConfiguration;
			buildSettings = {
				ALWAYS_SEARCH_USER_PATHS = NO;
				ARCHS = "$(ARCHS_STANDARD_32_64_BIT)";
				CLANG_ANALYZER_SECURITY_INSECUREAPI_RAND = YES;
				CLANG_ANALYZER_SECURITY_INSECUREAPI_STRCPY = YES;
				CLANG_CXX_LIBRARY = "libstdc++";
				CLANG_WARN_BOOL_CONVERSION = YES;
				CLANG_WARN_CONSTANT_CONVERSION = YES;
				CLANG_WARN_EMPTY_BODY = YES;
				CLANG_WARN_ENUM_CONVERSION = YES;
				CLANG_WARN_INT_CONVERSION = YES;
				CLANG_WARN__DUPLICATE_METHOD_MATCH = YES;
				CURRENT_PROJECT_VERSION = 0.1;
				GCC_C_LANGUAGE_STANDARD = c11;
				GCC_OPTIMIZATION_LEVEL = 0;
				GCC_VERSION = "";
				GCC_WARN_64_TO_32_BIT_CONVERSION = YES;
				GCC_WARN_ABOUT_RETURN_TYPE = YES;
				GCC_WARN_UNDECLARED_SELECTOR = YES;
				GCC_WARN_UNINITIALIZED_AUTOS = YES;
				GCC_WARN_UNUSED_FUNCTION = YES;
				GCC_WARN_UNUSED_VARIABLE = YES;
				HEADER_SEARCH_PATHS = (
					/opt/local/include,
					"~/usr/local/include",
					"~/usr/local/ITK/Universal/Release/include/ITK-4.5",
				);
				LIBRARY_SEARCH_PATHS = (
					"~/usr/local/lib",
					/opt/local/lib,
					"~/usr/local/ITK/Universal/Debug/lib",
				);
				MACOSX_DEPLOYMENT_TARGET = 10.7;
				ONLY_ACTIVE_ARCH = NO;
				RUN_CLANG_STATIC_ANALYZER = YES;
				SDKROOT = macosx;
			};
			name = Debug;
		};
		CE6A9A9608AC841300D0C1EE /* Release */ = {
			isa = XCBuildConfiguration;
			buildSettings = {
				ALWAYS_SEARCH_USER_PATHS = NO;
				ARCHS = "$(ARCHS_STANDARD_32_64_BIT)";
				CLANG_ANALYZER_SECURITY_INSECUREAPI_RAND = YES;
				CLANG_ANALYZER_SECURITY_INSECUREAPI_STRCPY = YES;
				CLANG_CXX_LIBRARY = "libstdc++";
				CLANG_WARN_BOOL_CONVERSION = YES;
				CLANG_WARN_CONSTANT_CONVERSION = YES;
				CLANG_WARN_EMPTY_BODY = YES;
				CLANG_WARN_ENUM_CONVERSION = YES;
				CLANG_WARN_INT_CONVERSION = YES;
				CLANG_WARN__DUPLICATE_METHOD_MATCH = YES;
				CURRENT_PROJECT_VERSION = 0.1;
				GCC_C_LANGUAGE_STANDARD = c11;
				GCC_VERSION = "";
				GCC_WARN_64_TO_32_BIT_CONVERSION = YES;
				GCC_WARN_ABOUT_RETURN_TYPE = YES;
				GCC_WARN_UNDECLARED_SELECTOR = YES;
				GCC_WARN_UNINITIALIZED_AUTOS = YES;
				GCC_WARN_UNUSED_FUNCTION = YES;
				GCC_WARN_UNUSED_VARIABLE = YES;
				HEADER_SEARCH_PATHS = (
					/opt/local/include,
					"~/usr/local/include",
					"~/usr/local/ITK/Universal/Release/include/ITK-4.5",
				);
				LIBRARY_SEARCH_PATHS = (
					"~/usr/local/lib",
					/opt/local/lib,
					/Users/tim/usr/local/ITK/Universal/Release/lib,
				);
				MACOSX_DEPLOYMENT_TARGET = 10.7;
				ONLY_ACTIVE_ARCH = NO;
				RUN_CLANG_STATIC_ANALYZER = YES;
				SDKROOT = macosx;
			};
			name = Release;
		};
/* End XCBuildConfiguration section */

/* Begin XCConfigurationList section */
		CE6A9A9008AC841300D0C1EE /* Build configuration list for PBXNativeTarget "DCEFit" */ = {
			isa = XCConfigurationList;
			buildConfigurations = (
				CE6A9A9108AC841300D0C1EE /* Debug */,
				CE6A9A9208AC841300D0C1EE /* Release */,
			);
			defaultConfigurationIsVisible = 0;
			defaultConfigurationName = Debug;
		};
		CE6A9A9408AC841300D0C1EE /* Build configuration list for PBXProject "DCEFit" */ = {
			isa = XCConfigurationList;
			buildConfigurations = (
				CE6A9A9508AC841300D0C1EE /* Debug */,
				CE6A9A9608AC841300D0C1EE /* Release */,
			);
			defaultConfigurationIsVisible = 0;
			defaultConfigurationName = Debug;
		};
/* End XCConfigurationList section */
	};
	rootObject = 089C1669FE841209C02AAC07 /* Project object */;
}
